# This file is generated by running "yarn install" inside your project.
# Manual changes might be lost - proceed with caution!

__metadata:
  version: 6
  cacheKey: 8

"@octokit/auth-token@npm:^2.4.4":
  version: 2.5.0
  resolution: "@octokit/auth-token@npm:2.5.0"
  dependencies:
    "@octokit/types": ^6.0.3
  checksum: 45949296c09abcd6beb4c3f69d45b0c1f265f9581d2a9683cf4d1800c4cf8259c2f58d58e44c16c20bffb85a0282a176c0d51f4af300e428b863f27b910e6297
  languageName: node
  linkType: hard

"@octokit/core@npm:^3.5.1":
  version: 3.5.1
  resolution: "@octokit/core@npm:3.5.1"
  dependencies:
    "@octokit/auth-token": ^2.4.4
    "@octokit/graphql": ^4.5.8
    "@octokit/request": ^5.6.0
    "@octokit/request-error": ^2.0.5
    "@octokit/types": ^6.0.3
    before-after-hook: ^2.2.0
    universal-user-agent: ^6.0.0
  checksum: 67179739fc9712b201f2400f132287a2c56a18506e00900bc9d2a3f742b74f1ba69ad998e42f28f3964c0bd1d5478232c1ec7b485c97702b821fbe22b76afa90
  languageName: node
  linkType: hard

"@octokit/endpoint@npm:^6.0.1":
  version: 6.0.12
  resolution: "@octokit/endpoint@npm:6.0.12"
  dependencies:
    "@octokit/types": ^6.0.3
    is-plain-object: ^5.0.0
    universal-user-agent: ^6.0.0
  checksum: b48b29940af11c4b9bca41cf56809754bb8385d4e3a6122671799d27f0238ba575b3fde86d2d30a84f4dbbc14430940de821e56ecc6a9a92d47fc2b29a31479d
  languageName: node
  linkType: hard

"@octokit/graphql@npm:^4.5.8":
  version: 4.8.0
  resolution: "@octokit/graphql@npm:4.8.0"
  dependencies:
    "@octokit/request": ^5.6.0
    "@octokit/types": ^6.0.3
    universal-user-agent: ^6.0.0
  checksum: f68afe53f63900d4a16a0a733f2f500df2695b731f8ed32edb728d50edead7f5011437f71d069c2d2f6d656227703d0c832a3c8af58ecf82bd5dcc051f2d2d74
  languageName: node
  linkType: hard

"@octokit/openapi-types@npm:^11.2.0":
  version: 11.2.0
  resolution: "@octokit/openapi-types@npm:11.2.0"
  checksum: eb373ea496bc96bf0233505a0916eb38cb193d1829cab935e1cf1fd21839c402a1d835d3c0326290c756c0ed980a64d0ae73ad3c5d5decde9000f0828aa7ff52
  languageName: node
  linkType: hard

"@octokit/request-error@npm:^2.0.5, @octokit/request-error@npm:^2.1.0":
  version: 2.1.0
  resolution: "@octokit/request-error@npm:2.1.0"
  dependencies:
    "@octokit/types": ^6.0.3
    deprecation: ^2.0.0
    once: ^1.4.0
  checksum: baec2b5700498be01b4d958f9472cb776b3f3b0ea52924323a07e7a88572e24cac2cdf7eb04a0614031ba346043558b47bea2d346e98f0e8385b4261f138ef18
  languageName: node
  linkType: hard

"@octokit/request@npm:^5.6.0":
  version: 5.6.2
  resolution: "@octokit/request@npm:5.6.2"
  dependencies:
    "@octokit/endpoint": ^6.0.1
    "@octokit/request-error": ^2.1.0
    "@octokit/types": ^6.16.1
    is-plain-object: ^5.0.0
    node-fetch: ^2.6.1
    universal-user-agent: ^6.0.0
  checksum: 51ef3ad244b3d89ffd6d997fa0ed3e13a7a93b4c868ce5c53b0fcc93a654965135528e62d0720ebfeb7dfd586448a4a45d08fd75ba2e170cfa19d37834e49f1f
  languageName: node
  linkType: hard

"@octokit/types@npm:^6.0.3, @octokit/types@npm:^6.16.1":
  version: 6.34.0
  resolution: "@octokit/types@npm:6.34.0"
  dependencies:
    "@octokit/openapi-types": ^11.2.0
  checksum: f122b9aee8f6baddd515e34a0913e73b21d4bc82d6ee59d77a8aaf01b4a02c10867dd013003d087a83dc96db23511893669015af6d30c27cece185e21cf1df89
  languageName: node
  linkType: hard

"accepts@npm:~1.3.7":
  version: 1.3.7
  resolution: "accepts@npm:1.3.7"
  dependencies:
    mime-types: ~2.1.24
    negotiator: 0.6.2
  checksum: 27fc8060ffc69481ff6719cd3ee06387d2b88381cb0ce626f087781bbd02201a645a9febc8e7e7333558354b33b1d2f922ad13560be4ec1b7ba9e76fc1c1241d
  languageName: node
  linkType: hard

"ansi-regex@npm:^2.0.0":
  version: 2.1.1
  resolution: "ansi-regex@npm:2.1.1"
  checksum: 190abd03e4ff86794f338a31795d262c1dfe8c91f7e01d04f13f646f1dcb16c5800818f886047876f1272f065570ab86b24b99089f8b68a0e11ff19aed4ca8f1
  languageName: node
  linkType: hard

"ansi-styles@npm:^2.2.1":
  version: 2.2.1
  resolution: "ansi-styles@npm:2.2.1"
  checksum: ebc0e00381f2a29000d1dac8466a640ce11943cef3bda3cd0020dc042e31e1058ab59bf6169cd794a54c3a7338a61ebc404b7c91e004092dd20e028c432c9c2c
  languageName: node
  linkType: hard

"array-flatten@npm:1.1.1":
  version: 1.1.1
  resolution: "array-flatten@npm:1.1.1"
  checksum: a9925bf3512d9dce202112965de90c222cd59a4fbfce68a0951d25d965cf44642931f40aac72309c41f12df19afa010ecadceb07cfff9ccc1621e99d89ab5f3b
  languageName: node
  linkType: hard

"asn1@npm:0.1.11":
  version: 0.1.11
  resolution: "asn1@npm:0.1.11"
  checksum: b2891b16457ec46b987fd1b6d40cf58a0ca2a742498146d77f0534b268cbf802ced9052f52b9f2bc78f84d1b7856cf9f98eb81889da87b0713a1065cf973b3d3
  languageName: node
  linkType: hard

"assert-plus@npm:^0.1.5":
  version: 0.1.5
  resolution: "assert-plus@npm:0.1.5"
  checksum: a6172bec8482763362b282217f3a2e2931a2b6bcd476c299da3e858b8dfe1f1cd2da0a838919492b06fd35c143d9aaaccb24973e4ac459f82e23b410baaeebbd
  languageName: node
  linkType: hard

"async@npm:^2.0.1":
  version: 2.6.3
  resolution: "async@npm:2.6.3"
  dependencies:
    lodash: ^4.17.14
  checksum: 5e5561ff8fca807e88738533d620488ac03a5c43fce6c937451f7e35f943d33ad06c24af3f681a48cca3d2b0002b3118faff0a128dc89438a9bf0226f712c499
  languageName: node
  linkType: hard

"aws-sign2@npm:~0.5.0":
  version: 0.5.0
  resolution: "aws-sign2@npm:0.5.0"
  checksum: 554aad6b41b622304adc04382d179209e1f89420351623bfc0933c1b3d80b38144992b040b13707444d1c093a89f2ab62b2ea143d1c668d79a3cb7b22e304e03
  languageName: node
  linkType: hard

"before-after-hook@npm:^2.2.0":
  version: 2.2.2
  resolution: "before-after-hook@npm:2.2.2"
  checksum: dc2e1ffe389e5afbef2a46790b1b5a50247ed57aba67649cfa9ec2552d248cc9278f222e72fb5a8ff59bbb39d78fbaa97e7234ead0c6b5e8418b67a8644ce207
  languageName: node
  linkType: hard

"bl@npm:~1.0.0":
  version: 1.0.3
  resolution: "bl@npm:1.0.3"
  dependencies:
    readable-stream: ~2.0.5
  checksum: de37f40474fecaa7c282ea299f5dfc9e0644ad398dfd372ec31f0dfd7342d8c5b9968b33365f0b45ac84e8c71510e6860105d397b42437e9bb8a8ab790210203
  languageName: node
  linkType: hard

"bluebird@npm:^2.9.30":
  version: 2.11.0
  resolution: "bluebird@npm:2.11.0"
  checksum: f1c6cbec64100bca65c88e5de0d9ee9bbb435f7c74c68a16a9466a8b40daf64346805c2fe04af821564ce6d4199085e7855d2e272282a065eb723344815cc354
  languageName: node
  linkType: hard

"body-parser@npm:1.19.0":
  version: 1.19.0
  resolution: "body-parser@npm:1.19.0"
  dependencies:
    bytes: 3.1.0
    content-type: ~1.0.4
    debug: 2.6.9
    depd: ~1.1.2
    http-errors: 1.7.2
    iconv-lite: 0.4.24
    on-finished: ~2.3.0
    qs: 6.7.0
    raw-body: 2.4.0
    type-is: ~1.6.17
  checksum: 490231b4c89bbd43112762f7ba8e5342c174a6c9f64284a3b0fcabf63277e332f8316765596f1e5b15e4f3a6cf0422e005f4bb3149ed3a224bb025b7a36b9ac1
  languageName: node
  linkType: hard

"boom@npm:2.x.x":
  version: 2.10.1
  resolution: "boom@npm:2.10.1"
  dependencies:
    hoek: 2.x.x
  checksum: a4932fab89ade1ee2005f79b3bc2f5d94f4d8e8a8c99f81c81f006ec54f354ee31d22a449ae72e4921f6807b38efb016f3819554306a08d01935af67d2edd5a2
  languageName: node
  linkType: hard

"bytes@npm:3.1.0":
  version: 3.1.0
  resolution: "bytes@npm:3.1.0"
  checksum: 7c3b21c5d9d44ed455460d5d36a31abc6fa2ce3807964ba60a4b03fd44454c8cf07bb0585af83bfde1c5cc2ea4bbe5897bc3d18cd15e0acf25a3615a35aba2df
  languageName: node
  linkType: hard

"caseless@npm:~0.11.0":
  version: 0.11.0
  resolution: "caseless@npm:0.11.0"
  checksum: c46425542380a11e5814ab7815eb16e008f38f8de0c604e0ced58fafcece56be38e9262fc35c4bbab7f102a5be261edfdb51ebbda140f9c507f72ba44f517ed8
  languageName: node
  linkType: hard

"chalk@npm:^1.0.0":
  version: 1.1.3
  resolution: "chalk@npm:1.1.3"
  dependencies:
    ansi-styles: ^2.2.1
    escape-string-regexp: ^1.0.2
    has-ansi: ^2.0.0
    strip-ansi: ^3.0.0
    supports-color: ^2.0.0
  checksum: 9d2ea6b98fc2b7878829eec223abcf404622db6c48396a9b9257f6d0ead2acf18231ae368d6a664a83f272b0679158da12e97b5229f794939e555cc574478acd
  languageName: node
  linkType: hard

"combined-stream@npm:^1.0.5, combined-stream@npm:~1.0.1":
  version: 1.0.8
  resolution: "combined-stream@npm:1.0.8"
  dependencies:
    delayed-stream: ~1.0.0
  checksum: 49fa4aeb4916567e33ea81d088f6584749fc90c7abec76fd516bf1c5aa5c79f3584b5ba3de6b86d26ddd64bae5329c4c7479343250cfe71c75bb366eae53bb7c
  languageName: node
  linkType: hard

"commander@npm:^2.8.1":
  version: 2.20.3
  resolution: "commander@npm:2.20.3"
  checksum: ab8c07884e42c3a8dbc5dd9592c606176c7eb5c1ca5ff274bcf907039b2c41de3626f684ea75ccf4d361ba004bbaff1f577d5384c155f3871e456bdf27becf9e
  languageName: node
  linkType: hard

"content-disposition@npm:0.5.3":
  version: 0.5.3
  resolution: "content-disposition@npm:0.5.3"
  dependencies:
    safe-buffer: 5.1.2
  checksum: 95bf164c0b0b8199d3f44b7631e51b37f683c6a90b9baa4315bd3d405a6d1bc81b7346f0981046aa004331fb3d7a28b629514d01fc209a5251573fc7e4d33380
  languageName: node
  linkType: hard

"content-type@npm:~1.0.4":
  version: 1.0.4
  resolution: "content-type@npm:1.0.4"
  checksum: 3d93585fda985d1554eca5ebd251994327608d2e200978fdbfba21c0c679914d5faf266d17027de44b34a72c7b0745b18584ecccaa7e1fdfb6a68ac7114f12e0
  languageName: node
  linkType: hard

"cookie-parser@npm:^1.4.5":
  version: 1.4.5
  resolution: "cookie-parser@npm:1.4.5"
  dependencies:
    cookie: 0.4.0
    cookie-signature: 1.0.6
  checksum: 09b41e191af8e472229b53468b858a53f64a355b438ecb56a38be2a729b862b8233041e5af102115caebae534d399813ec7270b68a949bba3b987b38555c30b6
  languageName: node
  linkType: hard

"cookie-signature@npm:1.0.6":
  version: 1.0.6
  resolution: "cookie-signature@npm:1.0.6"
  checksum: f4e1b0a98a27a0e6e66fd7ea4e4e9d8e038f624058371bf4499cfcd8f3980be9a121486995202ba3fca74fbed93a407d6d54d43a43f96fd28d0bd7a06761591a
  languageName: node
  linkType: hard

"cookie@npm:0.4.0":
  version: 0.4.0
  resolution: "cookie@npm:0.4.0"
  checksum: 760384ba0aef329c52523747e36a452b5e51bc49b34160363a6934e7b7df3f93fcc88b35e33450361535d40a92a96412da870e1816aba9aa6cc556a9fedd8492
  languageName: node
  linkType: hard

"core-util-is@npm:~1.0.0":
  version: 1.0.3
  resolution: "core-util-is@npm:1.0.3"
  checksum: 9de8597363a8e9b9952491ebe18167e3b36e7707569eed0ebf14f8bba773611376466ae34575bca8cfe3c767890c859c74056084738f09d4e4a6f902b2ad7d99
  languageName: node
  linkType: hard

"cryptiles@npm:2.x.x":
  version: 2.0.5
  resolution: "cryptiles@npm:2.0.5"
  dependencies:
    boom: 2.x.x
  checksum: bee6d750e54cda76449d73cf5be6a7d3e5971ad25a30cdded0bcdb9a7cd7b23ece075310b5030d321235524b77fd2abceaf7ef99d8086ded5e0fbd5c1a2a5133
  languageName: node
  linkType: hard

"ctype@npm:0.5.3":
  version: 0.5.3
  resolution: "ctype@npm:0.5.3"
  checksum: 198be77f3825910340778ac5b72deb3393f9b3913e75cbb228169acc25ce9a7dede02d86d8d496699af35c031c7e508c928368922cfd40af2efbc5f85f210dfc
  languageName: node
  linkType: hard

"debug@npm:2.6.9":
  version: 2.6.9
  resolution: "debug@npm:2.6.9"
  dependencies:
    ms: 2.0.0
  checksum: d2f51589ca66df60bf36e1fa6e4386b318c3f1e06772280eea5b1ae9fd3d05e9c2b7fd8a7d862457d00853c75b00451aa2d7459b924629ee385287a650f58fe6
  languageName: node
  linkType: hard

"delayed-stream@npm:~1.0.0":
  version: 1.0.0
  resolution: "delayed-stream@npm:1.0.0"
  checksum: 46fe6e83e2cb1d85ba50bd52803c68be9bd953282fa7096f51fc29edd5d67ff84ff753c51966061e5ba7cb5e47ef6d36a91924eddb7f3f3483b1c560f77a0020
  languageName: node
  linkType: hard

"depd@npm:~1.1.2":
  version: 1.1.2
  resolution: "depd@npm:1.1.2"
  checksum: 6b406620d269619852885ce15965272b829df6f409724415e0002c8632ab6a8c0a08ec1f0bd2add05dc7bd7507606f7e2cc034fa24224ab829580040b835ecd9
  languageName: node
  linkType: hard

"deprecate@npm:^1.0.0":
  version: 1.1.1
  resolution: "deprecate@npm:1.1.1"
  checksum: ca55dce4611fd1dda5bb669fdc073377336780ffcc0796495b7ac0cda46f1af34bd0d0b375a0dd3f2f3780ff9ddc56ef23215893df7b11001e13cdeeb5f2e9fc
  languageName: node
  linkType: hard

"deprecation@npm:^2.0.0":
  version: 2.3.1
  resolution: "deprecation@npm:2.3.1"
  checksum: f56a05e182c2c195071385455956b0c4106fe14e36245b00c689ceef8e8ab639235176a96977ba7c74afb173317fac2e0ec6ec7a1c6d1e6eaa401c586c714132
  languageName: node
  linkType: hard

"destroy@npm:~1.0.4":
  version: 1.0.4
  resolution: "destroy@npm:1.0.4"
  checksum: da9ab4961dc61677c709da0c25ef01733042614453924d65636a7db37308fef8a24cd1e07172e61173d471ca175371295fbc984b0af5b2b4ff47cd57bd784c03
  languageName: node
  linkType: hard

"ee-first@npm:1.1.1":
  version: 1.1.1
  resolution: "ee-first@npm:1.1.1"
  checksum: 1b4cac778d64ce3b582a7e26b218afe07e207a0f9bfe13cc7395a6d307849cfe361e65033c3251e00c27dd060cab43014c2d6b2647676135e18b77d2d05b3f4f
  languageName: node
  linkType: hard

"encodeurl@npm:~1.0.2":
  version: 1.0.2
  resolution: "encodeurl@npm:1.0.2"
  checksum: e50e3d508cdd9c4565ba72d2012e65038e5d71bdc9198cb125beb6237b5b1ade6c0d343998da9e170fb2eae52c1bed37d4d6d98a46ea423a0cddbed5ac3f780c
  languageName: node
  linkType: hard

"escape-html@npm:~1.0.3":
  version: 1.0.3
  resolution: "escape-html@npm:1.0.3"
  checksum: 6213ca9ae00d0ab8bccb6d8d4e0a98e76237b2410302cf7df70aaa6591d509a2a37ce8998008cbecae8fc8ffaadf3fb0229535e6a145f3ce0b211d060decbb24
  languageName: node
  linkType: hard

"escape-string-regexp@npm:^1.0.2":
  version: 1.0.5
  resolution: "escape-string-regexp@npm:1.0.5"
  checksum: 6092fda75c63b110c706b6a9bfde8a612ad595b628f0bd2147eea1d3406723020810e591effc7db1da91d80a71a737a313567c5abb3813e8d9c71f4aa595b410
  languageName: node
  linkType: hard

"etag@npm:~1.8.1":
  version: 1.8.1
  resolution: "etag@npm:1.8.1"
  checksum: 571aeb3dbe0f2bbd4e4fadbdb44f325fc75335cd5f6f6b6a091e6a06a9f25ed5392f0863c5442acb0646787446e816f13cbfc6edce5b07658541dff573cab1ff
  languageName: node
  linkType: hard

"eventemitter3@npm:^4.0.0":
  version: 4.0.7
  resolution: "eventemitter3@npm:4.0.7"
  checksum: 1875311c42fcfe9c707b2712c32664a245629b42bb0a5a84439762dd0fd637fc54d078155ea83c2af9e0323c9ac13687e03cfba79b03af9f40c89b4960099374
  languageName: node
  linkType: hard

"express@npm:^4.17.1":
  version: 4.17.1
  resolution: "express@npm:4.17.1"
  dependencies:
    accepts: ~1.3.7
    array-flatten: 1.1.1
    body-parser: 1.19.0
    content-disposition: 0.5.3
    content-type: ~1.0.4
    cookie: 0.4.0
    cookie-signature: 1.0.6
    debug: 2.6.9
    depd: ~1.1.2
    encodeurl: ~1.0.2
    escape-html: ~1.0.3
    etag: ~1.8.1
    finalhandler: ~1.1.2
    fresh: 0.5.2
    merge-descriptors: 1.0.1
    methods: ~1.1.2
    on-finished: ~2.3.0
    parseurl: ~1.3.3
    path-to-regexp: 0.1.7
    proxy-addr: ~2.0.5
    qs: 6.7.0
    range-parser: ~1.2.1
    safe-buffer: 5.1.2
    send: 0.17.1
    serve-static: 1.14.1
    setprototypeof: 1.1.1
    statuses: ~1.5.0
    type-is: ~1.6.18
    utils-merge: 1.0.1
    vary: ~1.1.2
  checksum: d964e9e17af331ea6fa2f84999b063bc47189dd71b4a735df83f9126d3bb2b92e830f1cb1d7c2742530eb625e2689d7a9a9c71f0c3cc4dd6015c3cd32a01abd5
  languageName: node
  linkType: hard

"extend@npm:~3.0.0":
  version: 3.0.2
  resolution: "extend@npm:3.0.2"
  checksum: a50a8309ca65ea5d426382ff09f33586527882cf532931cb08ca786ea3146c0553310bda688710ff61d7668eba9f96b923fe1420cdf56a2c3eaf30fcab87b515
  languageName: node
  linkType: hard

"finalhandler@npm:~1.1.2":
  version: 1.1.2
  resolution: "finalhandler@npm:1.1.2"
  dependencies:
    debug: 2.6.9
    encodeurl: ~1.0.2
    escape-html: ~1.0.3
    on-finished: ~2.3.0
    parseurl: ~1.3.3
    statuses: ~1.5.0
    unpipe: ~1.0.0
  checksum: 617880460c5138dd7ccfd555cb5dde4d8f170f4b31b8bd51e4b646bb2946c30f7db716428a1f2882d730d2b72afb47d1f67cc487b874cb15426f95753a88965e
  languageName: node
  linkType: hard

"follow-redirects@npm:^1.0.0":
  version: 1.14.1
  resolution: "follow-redirects@npm:1.14.1"
  peerDependenciesMeta:
    debug:
      optional: true
  checksum: 7381a55bdc6951c5c1ab73a8da99d9fa4c0496ce72dba92cd2ac2babe0e3ebde9b81c5bca889498ad95984bc773d713284ca2bb17f1b1e1416e5f6531e39a488
  languageName: node
  linkType: hard

"forever-agent@npm:~0.6.0":
  version: 0.6.1
  resolution: "forever-agent@npm:0.6.1"
  checksum: 766ae6e220f5fe23676bb4c6a99387cec5b7b62ceb99e10923376e27bfea72f3c3aeec2ba5f45f3f7ba65d6616965aa7c20b15002b6860833bb6e394dea546a8
  languageName: node
  linkType: hard

"form-data@npm:~1.0.0-rc1":
  version: 1.0.1
  resolution: "form-data@npm:1.0.1"
  dependencies:
    async: ^2.0.1
    combined-stream: ^1.0.5
    mime-types: ^2.1.11
  checksum: 81efb89312d7d2bf0d0f13f7ed3b5cb866c6f4fad2f6dc1ef74ed05afc85206ac3ff3c5669db693740fa8635c77cd3bf1dd7094471b661578271355011a705f5
  languageName: node
  linkType: hard

"forwarded@npm:~0.1.2":
  version: 0.1.2
  resolution: "forwarded@npm:0.1.2"
  checksum: 54695c574292f9bc6bfa52111844337bc2e61cfcc5ec82f16b816d721a67a0c76b4849a34b57e38e51d64ddbb81aef974f393579f610ed1b990470e75abad2e0
  languageName: node
  linkType: hard

"fresh@npm:0.5.2":
  version: 0.5.2
  resolution: "fresh@npm:0.5.2"
  checksum: 13ea8b08f91e669a64e3ba3a20eb79d7ca5379a81f1ff7f4310d54e2320645503cc0c78daedc93dfb6191287295f6479544a649c64d8e41a1c0fb0c221552346
  languageName: node
  linkType: hard

"generate-function@npm:^2.0.0":
  version: 2.3.1
  resolution: "generate-function@npm:2.3.1"
  dependencies:
    is-property: ^1.0.2
  checksum: 652f083de206ead2bae4caf9c7eeb465e8d98c0b8ed2a29c6afc538cef0785b5c6eea10548f1e13cc586d3afd796c13c830c2cb3dc612ec2457b2aadda5f57c9
  languageName: node
  linkType: hard

"generate-object-property@npm:^1.1.0":
  version: 1.2.0
  resolution: "generate-object-property@npm:1.2.0"
  dependencies:
    is-property: ^1.0.0
  checksum: 5141ca5fd545f0aabd24fd13f9f3ecf9cfea2255db00d46e282d65141d691d560c70b6361c3c0c4982f86f600361925bfd4773e0350c66d0210e6129ae553a09
  languageName: node
  linkType: hard

"har-validator@npm:^1.6.1":
  version: 1.8.0
  resolution: "har-validator@npm:1.8.0"
  dependencies:
    bluebird: ^2.9.30
    chalk: ^1.0.0
    commander: ^2.8.1
    is-my-json-valid: ^2.12.0
  bin:
    har-validator: bin/har-validator
  checksum: b8a1202c506c5ebdfeae667977be897e8f7c3e7b9ac59369b45e3be59fb8979bc261f48616069ef19b75f1cf3aaeaa74177b0dbacae5fb9df02c251e3b19de4f
  languageName: node
  linkType: hard

"has-ansi@npm:^2.0.0":
  version: 2.0.0
  resolution: "has-ansi@npm:2.0.0"
  dependencies:
    ansi-regex: ^2.0.0
  checksum: 1b51daa0214440db171ff359d0a2d17bc20061164c57e76234f614c91dbd2a79ddd68dfc8ee73629366f7be45a6df5f2ea9de83f52e1ca24433f2cc78c35d8ec
  languageName: node
  linkType: hard

"hawk@npm:~3.1.0":
  version: 3.1.3
  resolution: "hawk@npm:3.1.3"
  dependencies:
    boom: 2.x.x
    cryptiles: 2.x.x
    hoek: 2.x.x
    sntp: 1.x.x
  checksum: 05730d310d24e10c10b47a217dff70f1f886ca25058b290902e7b05ac6a468990137531e34187b60527df83ce41e019c6405667f3ee8da1e24829551bc12246c
  languageName: node
  linkType: hard

"hoek@npm:2.x.x":
  version: 2.16.3
  resolution: "hoek@npm:2.16.3"
  checksum: b38036f28f63fa44796a9ff2d495c04c609c1e4aa535a7017f870c8eba8e68db13b9be93f89ae14f22a6688a0f42cb048bf8971f3126350e1fbd980938aa8c9e
  languageName: node
  linkType: hard

"http-errors@npm:1.7.2":
  version: 1.7.2
  resolution: "http-errors@npm:1.7.2"
  dependencies:
    depd: ~1.1.2
    inherits: 2.0.3
    setprototypeof: 1.1.1
    statuses: ">= 1.5.0 < 2"
    toidentifier: 1.0.0
  checksum: 5534b0ae08e77f5a45a2380f500e781f6580c4ff75b816cb1f09f99a290b57e78a518be6d866db1b48cca6b052c09da2c75fc91fb16a2fe3da3c44d9acbb9972
  languageName: node
  linkType: hard

"http-errors@npm:~1.7.2":
  version: 1.7.3
  resolution: "http-errors@npm:1.7.3"
  dependencies:
    depd: ~1.1.2
    inherits: 2.0.4
    setprototypeof: 1.1.1
    statuses: ">= 1.5.0 < 2"
    toidentifier: 1.0.0
  checksum: a59f359473f4b3ea78305beee90d186268d6075432622a46fb7483059068a2dd4c854a20ac8cd438883127e06afb78c1309168bde6cdfeed1e3700eb42487d99
  languageName: node
  linkType: hard

"http-proxy@npm:^1.18.1":
  version: 1.18.1
  resolution: "http-proxy@npm:1.18.1"
  dependencies:
    eventemitter3: ^4.0.0
    follow-redirects: ^1.0.0
    requires-port: ^1.0.0
  checksum: f5bd96bf83e0b1e4226633dbb51f8b056c3e6321917df402deacec31dd7fe433914fc7a2c1831cf7ae21e69c90b3a669b8f434723e9e8b71fd68afe30737b6a5
  languageName: node
  linkType: hard

"http-signature@npm:~0.11.0":
  version: 0.11.0
  resolution: "http-signature@npm:0.11.0"
  dependencies:
    asn1: 0.1.11
    assert-plus: ^0.1.5
    ctype: 0.5.3
  checksum: 309b277acd96dfb5d1e225dda7ec0aaf46ef6b57c5b82ad5a569de7073f3305f1841072872941ed53ab516b5671bb3d62cc7be59a6bcf81ae0ca2c66458d07b1
  languageName: node
  linkType: hard

"iconv-lite@npm:0.4.24":
  version: 0.4.24
  resolution: "iconv-lite@npm:0.4.24"
  dependencies:
    safer-buffer: ">= 2.1.2 < 3"
  checksum: bd9f120f5a5b306f0bc0b9ae1edeb1577161503f5f8252a20f1a9e56ef8775c9959fd01c55f2d3a39d9a8abaf3e30c1abeb1895f367dcbbe0a8fd1c9ca01c4f6
  languageName: node
  linkType: hard

"inherits@npm:2.0.3":
  version: 2.0.3
  resolution: "inherits@npm:2.0.3"
  checksum: 78cb8d7d850d20a5e9a7f3620db31483aa00ad5f722ce03a55b110e5a723539b3716a3b463e2b96ce3fe286f33afc7c131fa2f91407528ba80cea98a7545d4c0
  languageName: node
  linkType: hard

"inherits@npm:2.0.4, inherits@npm:~2.0.1":
  version: 2.0.4
  resolution: "inherits@npm:2.0.4"
  checksum: 4a48a733847879d6cf6691860a6b1e3f0f4754176e4d71494c41f3475553768b10f84b5ce1d40fbd0e34e6bfbb864ee35858ad4dd2cf31e02fc4a154b724d7f1
  languageName: node
  linkType: hard

"ipaddr.js@npm:1.9.1":
  version: 1.9.1
  resolution: "ipaddr.js@npm:1.9.1"
  checksum: f88d3825981486f5a1942414c8d77dd6674dd71c065adcfa46f578d677edcb99fda25af42675cb59db492fdf427b34a5abfcde3982da11a8fd83a500b41cfe77
  languageName: node
  linkType: hard

"is-absolute-url@npm:^2.1.0":
  version: 2.1.0
  resolution: "is-absolute-url@npm:2.1.0"
  checksum: 781e8cf8a2af54b1b7a92f269244d96c66224030d91120e734ebeebbce044c167767e1389789d8aaf82f9e429cb20ae93d6d0acfe6c4b53d2bd6ebb47a236d76
  languageName: node
  linkType: hard

"is-my-ip-valid@npm:^1.0.0":
  version: 1.0.0
  resolution: "is-my-ip-valid@npm:1.0.0"
  checksum: d16168b4ad8ae3809131928af557dcec93a9fc772263560d1b681730194b77f52333e20a6279727fb70516c7025dea2ee8fedf35b93152c2d76d196ec0413fa6
  languageName: node
  linkType: hard

"is-my-json-valid@npm:^2.12.0":
  version: 2.20.5
  resolution: "is-my-json-valid@npm:2.20.5"
  dependencies:
    generate-function: ^2.0.0
    generate-object-property: ^1.1.0
    is-my-ip-valid: ^1.0.0
    jsonpointer: ^4.0.0
    xtend: ^4.0.0
  checksum: a12b338c593eb518ac430bcb7844a49d015f635f96cc66077a2404a24f4edd795c6804b884dd1e4eb61817ce559286979f0fa48ffd57e5bb7cb88287dcc03ba7
  languageName: node
  linkType: hard

"is-plain-object@npm:^5.0.0":
  version: 5.0.0
  resolution: "is-plain-object@npm:5.0.0"
  checksum: e32d27061eef62c0847d303125440a38660517e586f2f3db7c9d179ae5b6674ab0f469d519b2e25c147a1a3bc87156d0d5f4d8821e0ce4a9ee7fe1fcf11ce45c
  languageName: node
  linkType: hard

"is-property@npm:^1.0.0, is-property@npm:^1.0.2":
  version: 1.0.2
  resolution: "is-property@npm:1.0.2"
  checksum: 33b661a3690bcc88f7e47bb0a21b9e3187e76a317541ea7ec5e8096d954f441b77a46d8930c785f7fbf4ef8dfd624c25495221e026e50f74c9048fe501773be5
  languageName: node
  linkType: hard

"is@npm:^3.2.0":
  version: 3.3.0
  resolution: "is@npm:3.3.0"
  checksum: 81fad3b40c606984c2d0699207c4c48d2a0d29cc834b274d0b74c172f3eeebdb981301fe0d690ce090a96bf021a8a1f8b1325262ad9870c525e557ac4a559c56
  languageName: node
  linkType: hard

"isarray@npm:0.0.1":
  version: 0.0.1
  resolution: "isarray@npm:0.0.1"
  checksum: 49191f1425681df4a18c2f0f93db3adb85573bcdd6a4482539d98eac9e705d8961317b01175627e860516a2fc45f8f9302db26e5a380a97a520e272e2a40a8d4
  languageName: node
  linkType: hard

"isarray@npm:~1.0.0":
  version: 1.0.0
  resolution: "isarray@npm:1.0.0"
  checksum: f032df8e02dce8ec565cf2eb605ea939bdccea528dbcf565cdf92bfa2da9110461159d86a537388ef1acef8815a330642d7885b29010e8f7eac967c9993b65ab
  languageName: node
  linkType: hard

"isstream@npm:~0.1.1":
  version: 0.1.2
  resolution: "isstream@npm:0.1.2"
  checksum: 1eb2fe63a729f7bdd8a559ab552c69055f4f48eb5c2f03724430587c6f450783c8f1cd936c1c952d0a927925180fcc892ebd5b174236cf1065d4bd5bdb37e963
  languageName: node
  linkType: hard

"js-base64@npm:^2.1.9":
  version: 2.6.4
  resolution: "js-base64@npm:2.6.4"
  checksum: 5f4084078d6c46f8529741d110df84b14fac3276b903760c21fa8cc8521370d607325dfe1c1a9fbbeaae1ff8e602665aaeef1362427d8fef704f9e3659472ce8
  languageName: node
  linkType: hard

"json-stringify-safe@npm:~5.0.0":
  version: 5.0.1
  resolution: "json-stringify-safe@npm:5.0.1"
  checksum: 48ec0adad5280b8a96bb93f4563aa1667fd7a36334f79149abd42446d0989f2ddc58274b479f4819f1f00617957e6344c886c55d05a4e15ebb4ab931e4a6a8ee
  languageName: node
  linkType: hard

"jsonpointer@npm:^4.0.0":
  version: 4.1.0
  resolution: "jsonpointer@npm:4.1.0"
  checksum: ffc3e8937380989934676b339718d3213ecf5f6b7ce637b1ce5669a22f45dc61a86463e28abbe8c743d62f87ae790253c50cce0f586cb8e7623a21a7f811a444
  languageName: node
  linkType: hard

"lodash@npm:^4.17.14":
  version: 4.17.21
  resolution: "lodash@npm:4.17.21"
  checksum: eb835a2e51d381e561e508ce932ea50a8e5a68f4ebdd771ea240d3048244a8d13658acbd502cd4829768c56f2e16bdd4340b9ea141297d472517b83868e677f7
  languageName: node
  linkType: hard

"media-typer@npm:0.3.0":
  version: 0.3.0
  resolution: "media-typer@npm:0.3.0"
  checksum: af1b38516c28ec95d6b0826f6c8f276c58aec391f76be42aa07646b4e39d317723e869700933ca6995b056db4b09a78c92d5440dc23657e6764be5d28874bba1
  languageName: node
  linkType: hard

"merge-descriptors@npm:1.0.1":
  version: 1.0.1
  resolution: "merge-descriptors@npm:1.0.1"
  checksum: 5abc259d2ae25bb06d19ce2b94a21632583c74e2a9109ee1ba7fd147aa7362b380d971e0251069f8b3eb7d48c21ac839e21fa177b335e82c76ec172e30c31a26
  languageName: node
  linkType: hard

"methods@npm:~1.1.2":
  version: 1.1.2
  resolution: "methods@npm:1.1.2"
  checksum: 0917ff4041fa8e2f2fda5425a955fe16ca411591fbd123c0d722fcf02b73971ed6f764d85f0a6f547ce49ee0221ce2c19a5fa692157931cecb422984f1dcd13a
  languageName: node
  linkType: hard

"mime-db@npm:1.47.0":
  version: 1.47.0
  resolution: "mime-db@npm:1.47.0"
  checksum: 6808235243c39b3142e677af86972cf32de8ebbec81178491475a79aa07caf67646cd9b559972d22c3c372ddca4a093e58bb0ba10376d75a1efbd0e07be82de2
  languageName: node
  linkType: hard

"mime-db@npm:1.50.0":
  version: 1.50.0
  resolution: "mime-db@npm:1.50.0"
  checksum: 95fcc19c3664ae72391c8a7e4015dde7fb6817c98c951493ca3a1d48050feb8ee08810a372ce7d9e16310042d26e5bda168916f600583a9a583655eeea8ff5f5
  languageName: node
  linkType: hard

"mime-types@npm:^2.1.11, mime-types@npm:^2.1.4, mime-types@npm:~2.1.2":
  version: 2.1.33
  resolution: "mime-types@npm:2.1.33"
  dependencies:
    mime-db: 1.50.0
  checksum: 05f2a0b3f169fbc51d79bdc7674ceb379dd07dbeadb0143059a7def865224686ee9f9051aeb340e98b6c11dbc06794ce0122181db4312cb1ad054fd90b0d510e
  languageName: node
  linkType: hard

"mime-types@npm:~2.1.24":
  version: 2.1.30
  resolution: "mime-types@npm:2.1.30"
  dependencies:
    mime-db: 1.47.0
  checksum: 53c36729b1c4f6029fd5957d5859e62eff4b86311a6e1dce87937583dc8971fec9f359ffcff4be93d26bb5ddd03f1b5ffc7626912031ce0a63510d7896521b2e
  languageName: node
  linkType: hard

"mime@npm:1.6.0":
  version: 1.6.0
  resolution: "mime@npm:1.6.0"
  bin:
    mime: cli.js
  checksum: fef25e39263e6d207580bdc629f8872a3f9772c923c7f8c7e793175cee22777bbe8bba95e5d509a40aaa292d8974514ce634ae35769faa45f22d17edda5e8557
  languageName: node
  linkType: hard

"ms@npm:2.0.0":
  version: 2.0.0
  resolution: "ms@npm:2.0.0"
  checksum: 0e6a22b8b746d2e0b65a430519934fefd41b6db0682e3477c10f60c76e947c4c0ad06f63ffdf1d78d335f83edee8c0aa928aa66a36c7cd95b69b26f468d527f4
  languageName: node
  linkType: hard

"ms@npm:2.1.1":
  version: 2.1.1
  resolution: "ms@npm:2.1.1"
  checksum: 0078a23cd916a9a7435c413caa14c57d4b4f6e2470e0ab554b6964163c8a4436448ac7ae020e883685475da6b6796cc396b670f579cb275db288a21e3e57721e
  languageName: node
  linkType: hard

"negotiator@npm:0.6.2":
  version: 0.6.2
  resolution: "negotiator@npm:0.6.2"
  checksum: dfddaff6c06792f1c4c3809e29a427b8daef8cd437c83b08dd51d7ee11bbd1c29d9512d66b801144d6c98e910ffd8723f2432e0cbf8b18d41d2a09599c975ab3
  languageName: node
  linkType: hard

"node-fetch@npm:^2.6.1":
  version: 2.6.6
  resolution: "node-fetch@npm:2.6.6"
  dependencies:
    whatwg-url: ^5.0.0
  checksum: ee8290626bdb73629c59722b75dcf4b9b6a67c1ed7eb9102e368479c4a13b56a48c2bb3ad71571e378e98c8b2c64c820e11f9cd39e4b8557dd138ad571ef9a42
  languageName: node
  linkType: hard

"node-uuid@npm:~1.4.0":
  version: 1.4.8
  resolution: "node-uuid@npm:1.4.8"
  bin:
    uuid: ./bin/uuid
  checksum: 71b3766d46da0479a37fe9a2bea206b0f7249faf1e67896b5bd3c770efe20c352bcf62b0fe883cfa602ec5b81669317190a0ca838d9b8e5cdb4efff99448c598
  languageName: node
  linkType: hard

"oauth-sign@npm:~0.8.0":
  version: 0.8.2
  resolution: "oauth-sign@npm:0.8.2"
  checksum: dcf2a5d810c1e75e2a4bcd5be6f809444ddc3b7076e9bfc9d489094f708d45b544308ef0c37c8e8479ad51d2e2e2052fc5fc6b6ebf95570468d0046e08d53599
  languageName: node
  linkType: hard

"object-keys@npm:~0.4.0":
  version: 0.4.0
  resolution: "object-keys@npm:0.4.0"
  checksum: 1be3ebe9b48c0d5eda8e4a30657d887a748cb42435e0e2eaf49faf557bdd602cd2b7558b8ce90a4eb2b8592d16b875a1900bce859cbb0f35b21c67e11a45313c
  languageName: node
  linkType: hard

"octocat@npm:^1.2.1":
  version: 1.2.1
  resolution: "octocat@npm:1.2.1"
  dependencies:
    deprecate: ^1.0.0
    is: ^3.2.0
    is-absolute-url: ^2.1.0
    js-base64: ^2.1.9
    mime-types: ^2.1.4
    progress-stream: ^1.1.1
    q: ^1.4.1
    request: 2.64.0
    url-join: ^1.1.0
  checksum: e14856cb938bf935ba490b1c89ffb39c105489c22fb6df2465259f21b2602512d8dd6a34233c1697b695a4b76f72ccb821b7c2901d7ae6c54ccb0396e26fd9c0
  languageName: node
  linkType: hard

"on-finished@npm:~2.3.0":
  version: 2.3.0
  resolution: "on-finished@npm:2.3.0"
  dependencies:
    ee-first: 1.1.1
  checksum: 1db595bd963b0124d6fa261d18320422407b8f01dc65863840f3ddaaf7bcad5b28ff6847286703ca53f4ec19595bd67a2f1253db79fc4094911ec6aa8df1671b
  languageName: node
  linkType: hard

"once@npm:^1.4.0":
  version: 1.4.0
  resolution: "once@npm:1.4.0"
  dependencies:
    wrappy: 1
  checksum: cd0a88501333edd640d95f0d2700fbde6bff20b3d4d9bdc521bdd31af0656b5706570d6c6afe532045a20bb8dc0849f8332d6f2a416e0ba6d3d3b98806c7db68
  languageName: node
  linkType: hard

"parseurl@npm:^1.3.3, parseurl@npm:~1.3.3":
  version: 1.3.3
  resolution: "parseurl@npm:1.3.3"
  checksum: 407cee8e0a3a4c5cd472559bca8b6a45b82c124e9a4703302326e9ab60fc1081442ada4e02628efef1eb16197ddc7f8822f5a91fd7d7c86b51f530aedb17dfa2
  languageName: node
  linkType: hard

"path-to-regexp@npm:0.1.7":
  version: 0.1.7
  resolution: "path-to-regexp@npm:0.1.7"
  checksum: 69a14ea24db543e8b0f4353305c5eac6907917031340e5a8b37df688e52accd09e3cebfe1660b70d76b6bd89152f52183f28c74813dbf454ba1a01c82a38abce
  languageName: node
  linkType: hard

"process-nextick-args@npm:~1.0.6":
  version: 1.0.7
  resolution: "process-nextick-args@npm:1.0.7"
  checksum: 41224fbc803ac6c96907461d4dfc20942efa3ca75f2d521bcf7cf0e89f8dec127fb3fb5d76746b8fb468a232ea02d84824fae08e027aec185fd29049c66d49f8
  languageName: node
  linkType: hard

"progress-stream@npm:^1.1.1":
  version: 1.2.0
  resolution: "progress-stream@npm:1.2.0"
  dependencies:
    speedometer: ~0.1.2
    through2: ~0.2.3
  checksum: dcfb5e7173b17aa0df84caeebd1550401ea93d48dcad76972f1e256769d87df8b49cb18ad9ddb456873455762e85feb511c044ad4c7839ff5b96dd1acfa3f674
  languageName: node
  linkType: hard

"proxy-addr@npm:~2.0.5":
  version: 2.0.6
  resolution: "proxy-addr@npm:2.0.6"
  dependencies:
    forwarded: ~0.1.2
    ipaddr.js: 1.9.1
  checksum: 2bad9b7a56b847faf606a19328aaaf5fca3e561ebb4e933969a580d94a20f77e74fb21196028a6e417851b3d9d95a0c704732a3362e3ef515d45d96859ac7eb9
  languageName: node
  linkType: hard

"psl@npm:^1.1.33":
  version: 1.8.0
  resolution: "psl@npm:1.8.0"
  checksum: 6150048ed2da3f919478bee8a82f3828303bc0fc730fb015a48f83c9977682c7b28c60ab01425a72d82a2891a1681627aa530a991d50c086b48a3be27744bde7
  languageName: node
  linkType: hard

"punycode@npm:^2.1.1":
  version: 2.1.1
  resolution: "punycode@npm:2.1.1"
  checksum: 823bf443c6dd14f669984dea25757b37993f67e8d94698996064035edd43bed8a5a17a9f12e439c2b35df1078c6bec05a6c86e336209eb1061e8025c481168e8
  languageName: node
  linkType: hard

"q@npm:^1.4.1":
  version: 1.5.1
  resolution: "q@npm:1.5.1"
  checksum: 147baa93c805bc1200ed698bdf9c72e9e42c05f96d007e33a558b5fdfd63e5ea130e99313f28efc1783e90e6bdb4e48b67a36fcc026b7b09202437ae88a1fb12
  languageName: node
  linkType: hard

"qs@npm:6.7.0":
  version: 6.7.0
  resolution: "qs@npm:6.7.0"
  checksum: dfd5f6adef50e36e908cfa70a6233871b5afe66fbaca37ecc1da352ba29eb2151a3797991948f158bb37fccde51bd57845cb619a8035287bfc24e4591172c347
  languageName: node
  linkType: hard

"qs@npm:~5.1.0":
  version: 5.1.0
  resolution: "qs@npm:5.1.0"
  checksum: 470ae7649e9762f5c0e7cd4b507b30f481e59d276a19745627ea9fe20c795a8f5dcf7dc407b20898d5895316b8af4134f2cca2b16e93887007b726b83b0374cf
  languageName: node
  linkType: hard

"range-parser@npm:~1.2.1":
  version: 1.2.1
  resolution: "range-parser@npm:1.2.1"
  checksum: 0a268d4fea508661cf5743dfe3d5f47ce214fd6b7dec1de0da4d669dd4ef3d2144468ebe4179049eff253d9d27e719c88dae55be64f954e80135a0cada804ec9
  languageName: node
  linkType: hard

"raw-body@npm:2.4.0":
  version: 2.4.0
  resolution: "raw-body@npm:2.4.0"
  dependencies:
    bytes: 3.1.0
    http-errors: 1.7.2
    iconv-lite: 0.4.24
    unpipe: 1.0.0
  checksum: 6343906939e018c6e633a34a938a5d6d1e93ffcfa48646e00207d53b418e941953b521473950c079347220944dc75ba10e7b3c08bf97e3ac72c7624882db09bb
  languageName: node
  linkType: hard

"readable-stream@npm:~1.1.9":
  version: 1.1.14
  resolution: "readable-stream@npm:1.1.14"
  dependencies:
    core-util-is: ~1.0.0
    inherits: ~2.0.1
    isarray: 0.0.1
    string_decoder: ~0.10.x
  checksum: 17dfeae3e909945a4a1abc5613ea92d03269ef54c49288599507fc98ff4615988a1c39a999dcf9aacba70233d9b7040bc11a5f2bfc947e262dedcc0a8b32b5a0
  languageName: node
  linkType: hard

"readable-stream@npm:~2.0.5":
  version: 2.0.6
  resolution: "readable-stream@npm:2.0.6"
  dependencies:
    core-util-is: ~1.0.0
    inherits: ~2.0.1
    isarray: ~1.0.0
    process-nextick-args: ~1.0.6
    string_decoder: ~0.10.x
    util-deprecate: ~1.0.1
  checksum: 5258b248531e58cbd855dab6a67dde3f4939f78a6d7707042ce61a74fe3421a7596405bc9c8970484dc9b2d929136e6cc40985f76759b9264a0a273f6136ed3b
  languageName: node
  linkType: hard

"request@npm:2.64.0":
  version: 2.64.0
  resolution: "request@npm:2.64.0"
  dependencies:
    aws-sign2: ~0.5.0
    bl: ~1.0.0
    caseless: ~0.11.0
    combined-stream: ~1.0.1
    extend: ~3.0.0
    forever-agent: ~0.6.0
    form-data: ~1.0.0-rc1
    har-validator: ^1.6.1
    hawk: ~3.1.0
    http-signature: ~0.11.0
    isstream: ~0.1.1
    json-stringify-safe: ~5.0.0
    mime-types: ~2.1.2
    node-uuid: ~1.4.0
    oauth-sign: ~0.8.0
    qs: ~5.1.0
    stringstream: ~0.0.4
    tough-cookie: ">=0.12.0"
    tunnel-agent: ~0.4.0
  checksum: 9c649904c5fc80a48f84b3a1a0052458b47fefdb5efbc3857c51af84d01bc78d7b7b94f7ed3728f76b02f57f23d44045912de77ea8710b5ad71a255dd4f2e481
  languageName: node
  linkType: hard

"requires-port@npm:^1.0.0":
  version: 1.0.0
  resolution: "requires-port@npm:1.0.0"
  checksum: eee0e303adffb69be55d1a214e415cf42b7441ae858c76dfc5353148644f6fd6e698926fc4643f510d5c126d12a705e7c8ed7e38061113bdf37547ab356797ff
  languageName: node
  linkType: hard

"safe-buffer@npm:5.1.2":
  version: 5.1.2
  resolution: "safe-buffer@npm:5.1.2"
  checksum: f2f1f7943ca44a594893a852894055cf619c1fbcb611237fc39e461ae751187e7baf4dc391a72125e0ac4fb2d8c5c0b3c71529622e6a58f46b960211e704903c
  languageName: node
  linkType: hard

"safer-buffer@npm:>= 2.1.2 < 3":
  version: 2.1.2
  resolution: "safer-buffer@npm:2.1.2"
  checksum: cab8f25ae6f1434abee8d80023d7e72b598cf1327164ddab31003c51215526801e40b66c5e65d658a0af1e9d6478cadcb4c745f4bd6751f97d8644786c0978b0
  languageName: node
  linkType: hard

"send@npm:0.17.1, send@npm:^0.17.1":
  version: 0.17.1
  resolution: "send@npm:0.17.1"
  dependencies:
    debug: 2.6.9
    depd: ~1.1.2
    destroy: ~1.0.4
    encodeurl: ~1.0.2
    escape-html: ~1.0.3
    etag: ~1.8.1
    fresh: 0.5.2
    http-errors: ~1.7.2
    mime: 1.6.0
    ms: 2.1.1
    on-finished: ~2.3.0
    range-parser: ~1.2.1
    statuses: ~1.5.0
  checksum: d214c2fa42e7fae3f8fc1aa3931eeb3e6b78c2cf141574e09dbe159915c1e3a337269fc6b7512e7dfddcd7d6ff5974cb62f7c3637ba86a55bde20a92c18bdca0
  languageName: node
  linkType: hard

"serve-static@npm:1.14.1, serve-static@npm:^1.14.1":
  version: 1.14.1
  resolution: "serve-static@npm:1.14.1"
  dependencies:
    encodeurl: ~1.0.2
    escape-html: ~1.0.3
    parseurl: ~1.3.3
    send: 0.17.1
  checksum: c6b268e8486d39ecd54b86c7f2d0ee4a38cd7514ddd9c92c8d5793bb005afde5e908b12395898ae206782306ccc848193d93daa15b86afb3cbe5a8414806abe8
  languageName: node
  linkType: hard

"setprototypeof@npm:1.1.1":
  version: 1.1.1
  resolution: "setprototypeof@npm:1.1.1"
  checksum: a8bee29c1c64c245d460ce53f7460af8cbd0aceac68d66e5215153992cc8b3a7a123416353e0c642060e85cc5fd4241c92d1190eec97eda0dcb97436e8fcca3b
  languageName: node
  linkType: hard

"sntp@npm:1.x.x":
  version: 1.0.9
  resolution: "sntp@npm:1.0.9"
  dependencies:
    hoek: 2.x.x
  checksum: b39ce4229ad5aa835d8c1d4dc7cbb9a55097132d827bb700fe0a259181f692d6873986a8a50721e2e0a161301aaab8e9a495a0552283980cfeb7e3bcd4f7d7ad
  languageName: node
  linkType: hard

"speedometer@npm:~0.1.2":
  version: 0.1.4
  resolution: "speedometer@npm:0.1.4"
  checksum: 870fde43572f61a3face661392696484615c2b40aa2c6555a546fe0aea1e0a634730af1e0941977fb4f21769f6cd7bbf8cd9e3d660be0326f2ad4af31345ed18
  languageName: node
  linkType: hard

"statuses@npm:>= 1.5.0 < 2, statuses@npm:~1.5.0":
  version: 1.5.0
  resolution: "statuses@npm:1.5.0"
  checksum: c469b9519de16a4bb19600205cffb39ee471a5f17b82589757ca7bd40a8d92ebb6ed9f98b5a540c5d302ccbc78f15dc03cc0280dd6e00df1335568a5d5758a5c
  languageName: node
  linkType: hard

"string_decoder@npm:~0.10.x":
  version: 0.10.31
  resolution: "string_decoder@npm:0.10.31"
  checksum: fe00f8e303647e5db919948ccb5ce0da7dea209ab54702894dd0c664edd98e5d4df4b80d6fabf7b9e92b237359d21136c95bf068b2f7760b772ca974ba970202
  languageName: node
  linkType: hard

"stringstream@npm:~0.0.4":
  version: 0.0.6
  resolution: "stringstream@npm:0.0.6"
  checksum: 17f7708bbb93b73e48c844e1f890ad031111543da295f11bfd0cd5910481d101e2dc62b2fa2099c5b46471c3c0b9a7ee5d97d674eb213b51612a42e24a5cc4f6
  languageName: node
  linkType: hard

"strip-ansi@npm:^3.0.0":
  version: 3.0.1
  resolution: "strip-ansi@npm:3.0.1"
  dependencies:
    ansi-regex: ^2.0.0
  checksum: 9b974de611ce5075c70629c00fa98c46144043db92ae17748fb780f706f7a789e9989fd10597b7c2053ae8d1513fd707816a91f1879b2f71e6ac0b6a863db465
  languageName: node
  linkType: hard

"supports-color@npm:^2.0.0":
  version: 2.0.0
  resolution: "supports-color@npm:2.0.0"
  checksum: 602538c5812b9006404370b5a4b885d3e2a1f6567d314f8b4a41974ffe7d08e525bf92ae0f9c7030e3b4c78e4e34ace55d6a67a74f1571bc205959f5972f88f0
  languageName: node
  linkType: hard

"through2@npm:~0.2.3":
  version: 0.2.3
  resolution: "through2@npm:0.2.3"
  dependencies:
    readable-stream: ~1.1.9
    xtend: ~2.1.1
  checksum: 7c1377b5027871ebfd91399e4f311ddb2d3acbb009d177e6d105e86ad3b0e0536293f126dff690eb5d8ce70a2e3078cc73cafd8228b0b6c2e243ac5d3b481722
  languageName: node
  linkType: hard

"toidentifier@npm:1.0.0":
  version: 1.0.0
  resolution: "toidentifier@npm:1.0.0"
  checksum: 199e6bfca1531d49b3506cff02353d53ec987c9ee10ee272ca6484ed97f1fc10fb77c6c009079ca16d5c5be4a10378178c3cacdb41ce9ec954c3297c74c6053e
  languageName: node
  linkType: hard

"tough-cookie@npm:>=0.12.0":
  version: 4.0.0
  resolution: "tough-cookie@npm:4.0.0"
  dependencies:
    psl: ^1.1.33
    punycode: ^2.1.1
    universalify: ^0.1.2
  checksum: 0891b37eb7d17faa3479d47f0dce2e3007f2583094ad272f2670d120fbcc3df3b0b0a631ba96ecad49f9e2297d93ff8995ce0d3292d08dd7eabe162f5b224d69
  languageName: node
  linkType: hard

"tr46@npm:~0.0.3":
  version: 0.0.3
  resolution: "tr46@npm:0.0.3"
  checksum: 726321c5eaf41b5002e17ffbd1fb7245999a073e8979085dacd47c4b4e8068ff5777142fc6726d6ca1fd2ff16921b48788b87225cbc57c72636f6efa8efbffe3
  languageName: node
  linkType: hard

"tunnel-agent@npm:~0.4.0":
  version: 0.4.3
  resolution: "tunnel-agent@npm:0.4.3"
  checksum: da6080d1a46e60b7458b9d0378da23a5a4573c94f2be238618f2b8acfbc456497f51d9c14b1d3b3f7b41facc5bf22860dd224860afc6652318ac46c94b162c4b
  languageName: node
  linkType: hard

"type-is@npm:~1.6.17, type-is@npm:~1.6.18":
  version: 1.6.18
  resolution: "type-is@npm:1.6.18"
  dependencies:
    media-typer: 0.3.0
    mime-types: ~2.1.24
  checksum: 2c8e47675d55f8b4e404bcf529abdf5036c537a04c2b20177bcf78c9e3c1da69da3942b1346e6edb09e823228c0ee656ef0e033765ec39a70d496ef601a0c657
  languageName: node
  linkType: hard

"universal-user-agent@npm:^6.0.0":
  version: 6.0.0
  resolution: "universal-user-agent@npm:6.0.0"
  checksum: 5092bbc80dd0d583cef0b62c17df0043193b74f425112ea6c1f69bc5eda21eeec7a08d8c4f793a277eb2202ffe9b44bec852fa3faff971234cd209874d1b79ef
  languageName: node
  linkType: hard

"universalify@npm:^0.1.2":
  version: 0.1.2
  resolution: "universalify@npm:0.1.2"
  checksum: 40cdc60f6e61070fe658ca36016a8f4ec216b29bf04a55dce14e3710cc84c7448538ef4dad3728d0bfe29975ccd7bfb5f414c45e7b78883567fb31b246f02dff
  languageName: node
  linkType: hard

"unpipe@npm:1.0.0, unpipe@npm:~1.0.0":
  version: 1.0.0
  resolution: "unpipe@npm:1.0.0"
  checksum: 4fa18d8d8d977c55cb09715385c203197105e10a6d220087ec819f50cb68870f02942244f1017565484237f1f8c5d3cd413631b1ae104d3096f24fdfde1b4aa2
  languageName: node
  linkType: hard

"url-join@npm:^1.1.0":
  version: 1.1.0
  resolution: "url-join@npm:1.1.0"
  checksum: affa33998f671205e9bbfba95d840fa7445d548f903f79912836a4cdb068c8a926c1dfe94c220fe5fbd822b6be9a199561c78d0cb181abafee2075b4f03a9c28
  languageName: node
  linkType: hard

"util-deprecate@npm:~1.0.1":
  version: 1.0.2
  resolution: "util-deprecate@npm:1.0.2"
  checksum: 474acf1146cb2701fe3b074892217553dfcf9a031280919ba1b8d651a068c9b15d863b7303cb15bd00a862b498e6cf4ad7b4a08fb134edd5a6f7641681cb54a2
  languageName: node
  linkType: hard

"utils-merge@npm:1.0.1":
  version: 1.0.1
  resolution: "utils-merge@npm:1.0.1"
  checksum: c81095493225ecfc28add49c106ca4f09cdf56bc66731aa8dabc2edbbccb1e1bfe2de6a115e5c6a380d3ea166d1636410b62ef216bb07b3feb1cfde1d95d5080
  languageName: node
  linkType: hard

"vary@npm:~1.1.2":
  version: 1.1.2
  resolution: "vary@npm:1.1.2"
  checksum: ae0123222c6df65b437669d63dfa8c36cee20a504101b2fcd97b8bf76f91259c17f9f2b4d70a1e3c6bbcee7f51b28392833adb6b2770b23b01abec84e369660b
  languageName: node
  linkType: hard

"web-landscape@workspace:.":
  version: 0.0.0-use.local
  resolution: "web-landscape@workspace:."
  dependencies:
    "@octokit/core": ^3.5.1
    cookie-parser: ^1.4.5
    express: ^4.17.1
    http-proxy: ^1.18.1
    octocat: ^1.2.1
    parseurl: ^1.3.3
    send: ^0.17.1
    serve-static: ^1.14.1
    ws: ^7.4.6
  languageName: unknown
  linkType: soft

"webidl-conversions@npm:^3.0.0":
  version: 3.0.1
  resolution: "webidl-conversions@npm:3.0.1"
  checksum: c92a0a6ab95314bde9c32e1d0a6dfac83b578f8fa5f21e675bc2706ed6981bc26b7eb7e6a1fab158e5ce4adf9caa4a0aee49a52505d4d13c7be545f15021b17c
  languageName: node
  linkType: hard

"whatwg-url@npm:^5.0.0":
  version: 5.0.0
  resolution: "whatwg-url@npm:5.0.0"
  dependencies:
    tr46: ~0.0.3
    webidl-conversions: ^3.0.0
  checksum: b8daed4ad3356cc4899048a15b2c143a9aed0dfae1f611ebd55073310c7b910f522ad75d727346ad64203d7e6c79ef25eafd465f4d12775ca44b90fa82ed9e2c
  languageName: node
  linkType: hard

"wrappy@npm:1":
  version: 1.0.2
  resolution: "wrappy@npm:1.0.2"
  checksum: 159da4805f7e84a3d003d8841557196034155008f817172d4e986bd591f74aa82aa7db55929a54222309e01079a65a92a9e6414da5a6aa4b01ee44a511ac3ee5
  languageName: node
  linkType: hard

"ws@npm:^7.4.6":
  version: 7.4.6
  resolution: "ws@npm:7.4.6"
  peerDependencies:
    bufferutil: ^4.0.1
    utf-8-validate: ^5.0.2
  peerDependenciesMeta:
    bufferutil:
      optional: true
    utf-8-validate:
      optional: true
  checksum: 3a990b32ed08c72070d5e8913e14dfcd831919205be52a3ff0b4cdd998c8d554f167c9df3841605cde8b11d607768cacab3e823c58c96a5c08c987e093eb767a
  languageName: node
  linkType: hard

"xtend@npm:^4.0.0":
  version: 4.0.2
  resolution: "xtend@npm:4.0.2"
  checksum: ac5dfa738b21f6e7f0dd6e65e1b3155036d68104e67e5d5d1bde74892e327d7e5636a076f625599dc394330a731861e87343ff184b0047fef1360a7ec0a5a36a
  languageName: node
  linkType: hard

"xtend@npm:~2.1.1":
  version: 2.1.2
  resolution: "xtend@npm:2.1.2"
  dependencies:
    object-keys: ~0.4.0
  checksum: a8b79f31502c163205984eaa2b196051cd2fab0882b49758e30f2f9018255bc6c462e32a090bf3385d1bda04755ad8cc0052a09e049b0038f49eb9b950d9c447
  languageName: node
  linkType: hard
