# This file is generated by running "yarn install" inside your project.
# Manual changes might be lost - proceed with caution!

__metadata:
  version: 4
  cacheKey: 7

"@octokit/auth-token@npm:^2.4.4":
  version: 2.5.0
  resolution: "@octokit/auth-token@npm:2.5.0"
  dependencies:
    "@octokit/types": ^6.0.3
  checksum: d971ca2b80733f3a11964404cbe298b1859a90e89a1697f6ede2424072e93866ab06d5734b77e60b371b211c94a6586944108b6c74cebd3d569a2e4740091455
  languageName: node
  linkType: hard

"@octokit/core@npm:^3.5.1":
  version: 3.5.1
  resolution: "@octokit/core@npm:3.5.1"
  dependencies:
    "@octokit/auth-token": ^2.4.4
    "@octokit/graphql": ^4.5.8
    "@octokit/request": ^5.6.0
    "@octokit/request-error": ^2.0.5
    "@octokit/types": ^6.0.3
    before-after-hook: ^2.2.0
    universal-user-agent: ^6.0.0
  checksum: 2967d97b43ee152068980f22258c8f32cc4f9f62cf627eb3640724fa0a8465421edb274fc9d1b2aa804081f3a3e902d36d0dc88cfce3115989ffb39d1a8ae4cd
  languageName: node
  linkType: hard

"@octokit/endpoint@npm:^6.0.1":
  version: 6.0.12
  resolution: "@octokit/endpoint@npm:6.0.12"
  dependencies:
    "@octokit/types": ^6.0.3
    is-plain-object: ^5.0.0
    universal-user-agent: ^6.0.0
  checksum: ff92bc2608a87b04f2d004acefa742dc2f1d471c166238cd675964a1f15d7e82053b0955d2b765f29e14918ce1019cb2e8f6b0fea3f010ba6eb004a352a06b50
  languageName: node
  linkType: hard

"@octokit/graphql@npm:^4.5.8":
  version: 4.8.0
  resolution: "@octokit/graphql@npm:4.8.0"
  dependencies:
    "@octokit/request": ^5.6.0
    "@octokit/types": ^6.0.3
    universal-user-agent: ^6.0.0
  checksum: 8ff5cba1b6a2e41b6a1472ad6881a6fae96fa811cd2b0c15f9c98ae8dad5a2423e8a13adcda87cc2c0d8e514fae61134a7d40cf7ad8b91cf4ceea3260a340a8e
  languageName: node
  linkType: hard

"@octokit/openapi-types@npm:^11.2.0":
  version: 11.2.0
  resolution: "@octokit/openapi-types@npm:11.2.0"
  checksum: 8fc9390afc59cb171e1eb5e7c816e14189d4e916f9ae580a0d2e288e7c2c8d2c3ce277f1e0782b2ae49f4f14f94854d8caa6f3283256cc25a84d991eadb3d763
  languageName: node
  linkType: hard

"@octokit/request-error@npm:^2.0.5, @octokit/request-error@npm:^2.1.0":
  version: 2.1.0
  resolution: "@octokit/request-error@npm:2.1.0"
  dependencies:
    "@octokit/types": ^6.0.3
    deprecation: ^2.0.0
    once: ^1.4.0
  checksum: 0fdf0075bce449f07a376eae9e623f10859943ffcb8db4a97e5052ea09a16a9fc5c009153f750efc6ba3b0ca5f068b975b0d9eca180405533a6af78d318001fd
  languageName: node
  linkType: hard

"@octokit/request@npm:^5.6.0":
  version: 5.6.2
  resolution: "@octokit/request@npm:5.6.2"
  dependencies:
    "@octokit/endpoint": ^6.0.1
    "@octokit/request-error": ^2.1.0
    "@octokit/types": ^6.16.1
    is-plain-object: ^5.0.0
    node-fetch: ^2.6.1
    universal-user-agent: ^6.0.0
  checksum: f3d45f49220d6c2d5125ecfe1936a93ce3a7c78b2727b230ec8c1a0a8d8a66acc2162b696c377c92506021041d69c383cb29892deb57a47f4e5811a5802174c1
  languageName: node
  linkType: hard

"@octokit/types@npm:^6.0.3, @octokit/types@npm:^6.16.1":
  version: 6.34.0
  resolution: "@octokit/types@npm:6.34.0"
  dependencies:
    "@octokit/openapi-types": ^11.2.0
  checksum: d797eb0d3c685e69281274ef92ce260dabd0af6f16ccf658eb93d6079658cffcaf46405f86b43d7b6ba48d742ee664502406dc52620e51a3b71ec1da4e444165
  languageName: node
  linkType: hard

"accepts@npm:~1.3.7":
  version: 1.3.7
  resolution: "accepts@npm:1.3.7"
  dependencies:
    mime-types: ~2.1.24
    negotiator: 0.6.2
  checksum: 2686fa30dbc850db1bf458dc8171fba13c54ed6cb25f4298ec7c2f88b8dfc50351f25c40abe3a948e4ec7a0cc8ea83d1c55c2f73ffa612d18840a8778d4a2ee0
  languageName: node
  linkType: hard

"ansi-regex@npm:^2.0.0":
  version: 2.1.1
  resolution: "ansi-regex@npm:2.1.1"
  checksum: 93a53c923fd433f67cd3d5647dffa6790f37bbfb924cf73ad23e28a8e414bde142d1da260d9a2be52ac4aa382063196880b1d40cf8b547642c746ed538ebf6c4
  languageName: node
  linkType: hard

"ansi-styles@npm:^2.2.1":
  version: 2.2.1
  resolution: "ansi-styles@npm:2.2.1"
  checksum: 108c7496372982f1ee53f3f09975de89cc771d2f7c89a32d56ab7a542f67b7de97391c9c16b43b39eb7ea176d3cfbb15975b6b355ae827f15f5a457b1b9dec31
  languageName: node
  linkType: hard

"array-flatten@npm:1.1.1":
  version: 1.1.1
  resolution: "array-flatten@npm:1.1.1"
  checksum: de7a056451ff7891bb1bcda6ce2a50448ca70f63cd0fa7aa90430d288b6dc2931517b6853ce16c473a7f40fa6eaa874e20b6151616db93375471d1ffadfb1d3d
  languageName: node
  linkType: hard

"asn1@npm:0.1.11":
  version: 0.1.11
  resolution: "asn1@npm:0.1.11"
  checksum: b967354e3b0295f4ed43735f7c381ac515a6261d7e020cc19bd5f44beb52e445db4cb68acdecfe0669f9a38dd3cabaf58c8816590d9761bf6335a6cdc6b28dff
  languageName: node
  linkType: hard

"assert-plus@npm:^0.1.5":
  version: 0.1.5
  resolution: "assert-plus@npm:0.1.5"
  checksum: 279f5c5b301a2724e0075ed892f4da48088429f6e489fc3bc2e8da409b7148d673e2a476c88575336ec10a1ff6f27bace91b4ace7c78cd562dbb257119d42064
  languageName: node
  linkType: hard

"async@npm:^2.0.1":
  version: 2.6.3
  resolution: "async@npm:2.6.3"
  dependencies:
    lodash: ^4.17.14
  checksum: 5c30ec6f3d64308dd96d56dae16a00a23b9e6278fe8f66492837896d958508698648c59c53457d3fdf05fd04484e16538efeca2be38337cd78df0284e764ab34
  languageName: node
  linkType: hard

"aws-sign2@npm:~0.5.0":
  version: 0.5.0
  resolution: "aws-sign2@npm:0.5.0"
  checksum: 04ad31020b8dcf8a9e4818ab8b52107b013a0916b3d88ed70fdee28b2f9754885af85216a31d7d32a1ff4efc715c168d2d66243bde2b92d959b1174ccad72e8d
  languageName: node
  linkType: hard

"before-after-hook@npm:^2.2.0":
  version: 2.2.2
  resolution: "before-after-hook@npm:2.2.2"
  checksum: 06dd8fc2a1c5c4a16f21d725a7b7d05814d94c4a0a003abe923bb509b3863638efc8ab89515192046dc8d29bbc5dbd3f75fe47a2d3bffbffae427fc976c142bb
  languageName: node
  linkType: hard

"bl@npm:~1.0.0":
  version: 1.0.3
  resolution: "bl@npm:1.0.3"
  dependencies:
    readable-stream: ~2.0.5
  checksum: 645af7c0edbc498155d86aaabd68854845e55a4bb6966b5381c7b754104323082432fde1815647149133a9618b2d7f63d8f2f18cdce90080085eedccbee36af5
  languageName: node
  linkType: hard

"bluebird@npm:^2.9.30":
  version: 2.11.0
  resolution: "bluebird@npm:2.11.0"
  checksum: b7711b9a8753b0a70f45f420ce538d8d8ba0a42b2509e06f34ef815b235a60d1871290fedc69c8ce4526ff7fff76effbbdc42decaf56aa69bfe93df2e9dc967c
  languageName: node
  linkType: hard

"body-parser@npm:1.19.0":
  version: 1.19.0
  resolution: "body-parser@npm:1.19.0"
  dependencies:
    bytes: 3.1.0
    content-type: ~1.0.4
    debug: 2.6.9
    depd: ~1.1.2
    http-errors: 1.7.2
    iconv-lite: 0.4.24
    on-finished: ~2.3.0
    qs: 6.7.0
    raw-body: 2.4.0
    type-is: ~1.6.17
  checksum: 18c2a81df5eabc7e3541bc9ace394b88e6fbd390989b5e764ff34c3f9dbd097e19986c31baa9b855ec5c2cff2b79157449afb0cdfb97bb99c11d6239b2c47a34
  languageName: node
  linkType: hard

"boom@npm:2.x.x":
  version: 2.10.1
  resolution: "boom@npm:2.10.1"
  dependencies:
    hoek: 2.x.x
  checksum: 74066541122b196bbb869a62348860a54c0ba9b021d4fe7e09bc1f910461b261e57f02184e344b43bd0bd8cd31cc38925e758b0012f61fbc923f128bea5fdef5
  languageName: node
  linkType: hard

"bytes@npm:3.1.0":
  version: 3.1.0
  resolution: "bytes@npm:3.1.0"
  checksum: c3f64645ef37922c8194fef88a052de2a28101882dfdf8a225493888c4941a26ea15164957e7492e5c5e3a8e98ee6276f4834efacb68e2d8ad4d91f903250b6c
  languageName: node
  linkType: hard

"caseless@npm:~0.11.0":
  version: 0.11.0
  resolution: "caseless@npm:0.11.0"
  checksum: 548c8594a26fc3ad14c8ba3df7674f0b45ca6886a3d5b6e77232b490d31e491d2d1b35ba724af6598d7be6ff4acb684afa65ae85a5ad377b91b3b5cb536ee178
  languageName: node
  linkType: hard

"chalk@npm:^1.0.0":
  version: 1.1.3
  resolution: "chalk@npm:1.1.3"
  dependencies:
    ansi-styles: ^2.2.1
    escape-string-regexp: ^1.0.2
    has-ansi: ^2.0.0
    strip-ansi: ^3.0.0
    supports-color: ^2.0.0
  checksum: bc2df54f6da63d0918254aa2d79dd87f75442e35c751b07f5ca37e5886dd0963472e37ee8c5fa6da27710fdfa0e10779c72be4a6c860c67e96769ba63ee2901e
  languageName: node
  linkType: hard

"combined-stream@npm:^1.0.5, combined-stream@npm:~1.0.1":
  version: 1.0.8
  resolution: "combined-stream@npm:1.0.8"
  dependencies:
    delayed-stream: ~1.0.0
  checksum: 5791ce7944530f0db74a97e77ea28b6fdbf89afcf038e41d6b4195019c4c803cd19ed2905a54959e5b3830d50bd5d6f93c681c6d3aaea8614ad43b48e62e9d65
  languageName: node
  linkType: hard

"commander@npm:^2.8.1":
  version: 2.20.3
  resolution: "commander@npm:2.20.3"
  checksum: b73428e97de7624323f81ba13f8ed9271de487017432d18b4da3f07cfc528ad754bbd199004bd5d14e0ccd67d1fdfe0ec8dbbd4c438b401df3c4cc387bfd1daa
  languageName: node
  linkType: hard

"content-disposition@npm:0.5.3":
  version: 0.5.3
  resolution: "content-disposition@npm:0.5.3"
  dependencies:
    safe-buffer: 5.1.2
  checksum: 8f1f235c0423be68023df7f5a3948601d859ce44ee94e1d0fa2a97383bd469e789320b6ddf6f31b3620605c75cf771522df11386f51aff401e5d51b6ccfde3e2
  languageName: node
  linkType: hard

"content-type@npm:~1.0.4":
  version: 1.0.4
  resolution: "content-type@npm:1.0.4"
  checksum: ff6e19cbf281c23d5608723a6dc60ac97e2280bd4d21602511283112321e6c1555895e395555e367672b54a0f1585276284b7c3c8be313aca73902ac2f2609fd
  languageName: node
  linkType: hard

"cookie-parser@npm:^1.4.5":
  version: 1.4.5
  resolution: "cookie-parser@npm:1.4.5"
  dependencies:
    cookie: 0.4.0
    cookie-signature: 1.0.6
  checksum: a3eeda832d81862477e40444a8d411595b91e15f9b1d2b397a173e9efa744a29129de9aaa99342cf9468641d854a464c4e215cd60d1df49374c9ccffa1af52bf
  languageName: node
  linkType: hard

"cookie-signature@npm:1.0.6":
  version: 1.0.6
  resolution: "cookie-signature@npm:1.0.6"
  checksum: 305054e102eebd0a483c63aefdc3abf54a9471bed5eb12be56c0dcf35a94110b8a13139b27751ab07a5ef09e9f4190ee67f71e9d3acf1748e6e2f1aed338c987
  languageName: node
  linkType: hard

"cookie@npm:0.4.0":
  version: 0.4.0
  resolution: "cookie@npm:0.4.0"
  checksum: 7aaef4b642c533600fdd001d963a507dfcd814267503374e51d9743475d024feeff8b0b4ddd0777a25791a2efbdfd8bc4a0fe0696104efa195e8f8584807d410
  languageName: node
  linkType: hard

"core-util-is@npm:~1.0.0":
  version: 1.0.3
  resolution: "core-util-is@npm:1.0.3"
  checksum: 19a443100f5ff5a16d286c876826edcec713512fcb823b4d817bf8187e711568393ed0ef771dfcaa95a998450b9c055ae3fd4590ad399a6b6153af8ee9b9330f
  languageName: node
  linkType: hard

"cryptiles@npm:2.x.x":
  version: 2.0.5
  resolution: "cryptiles@npm:2.0.5"
  dependencies:
    boom: 2.x.x
  checksum: 56917755d985d5dc2cab6301c9248d30adeed82c5d57a103a657bf71bb4b1f000aed63249423788b0c030fc9d9e6ff1d01f4200d9ce0aabfc3455b0cc36a0bfc
  languageName: node
  linkType: hard

"ctype@npm:0.5.3":
  version: 0.5.3
  resolution: "ctype@npm:0.5.3"
  checksum: cef32f31786a86f4379d263db8e213456d06646f19aa1387392987b488bd41741ca6f912415a83dd03ea8388969ff3c9bc79fe670a970f780ef21da9433177c6
  languageName: node
  linkType: hard

"debug@npm:2.6.9":
  version: 2.6.9
  resolution: "debug@npm:2.6.9"
  dependencies:
    ms: 2.0.0
  checksum: 559f44f98cf25e2ee489022aec173afbff746564cb108c4493becb95bc3c017a67bdaa25a0ff64801fd32c35051d00af0e56cc7f762ae2c3bc089496e5a1c31b
  languageName: node
  linkType: hard

"delayed-stream@npm:~1.0.0":
  version: 1.0.0
  resolution: "delayed-stream@npm:1.0.0"
  checksum: d9dfb0a7c79fd308fada9db2cf29d1ff22047ceb50dd78f7e3c173567909b438f418259cb76a6d9c9f513e88ef41d3a14154f618741ec8368c3efeff616d0c9f
  languageName: node
  linkType: hard

"depd@npm:~1.1.2":
  version: 1.1.2
  resolution: "depd@npm:1.1.2"
  checksum: f45566ff7019a346852f095768a380778ed544de24e103b479fd5d3e61982d670efbb5234c09d0588d7fdb09c26c48283d7150e4be5e6ce5d3d37cd268d75c4d
  languageName: node
  linkType: hard

"deprecate@npm:^1.0.0":
  version: 1.1.1
  resolution: "deprecate@npm:1.1.1"
  checksum: 8cb7b029e745f547d9dec01f5a28165cd7057298726ed80582283fd2f89297d1319264d494716f57811bceb8069ba6b78d6630a6f90fea4c2c995d145463bf1a
  languageName: node
  linkType: hard

"deprecation@npm:^2.0.0":
  version: 2.3.1
  resolution: "deprecation@npm:2.3.1"
  checksum: 59343a0b927c5b6f67abb899fda68bf42b132c05ef1a985952c1e220c41fe5035b2d54a28c7c2a8b5239075d1dc25c83340242ada75f1c06c1bb047176f05f9b
  languageName: node
  linkType: hard

"destroy@npm:~1.0.4":
  version: 1.0.4
  resolution: "destroy@npm:1.0.4"
  checksum: 5a516fc5a8a8089eecdac11da2339353542be7a71102dc5a1372ef6161501bf5c1ee59ff9f8a3f5f14cc8c88594d606f855f816d46a228ee5e0e5cb2b543534b
  languageName: node
  linkType: hard

"ee-first@npm:1.1.1":
  version: 1.1.1
  resolution: "ee-first@npm:1.1.1"
  checksum: ba74f91398e3ee3b6d665b2f0d13ad6530e89a7e64ec886a6eec0602fb8a5a274652960e21bd5d4b42fdeb9017d873ff872f50342d38779e955285977edb337c
  languageName: node
  linkType: hard

"encodeurl@npm:~1.0.2":
  version: 1.0.2
  resolution: "encodeurl@npm:1.0.2"
  checksum: 6ee5fcbcd245d2a2b6bd6fe36b80f91e31ab46e29192c50af00e8f860c0c2310ebbdaae40257878fdce90b42abcb3526895c7c3a2e229461ed1f0d0b5a020fc8
  languageName: node
  linkType: hard

"escape-html@npm:~1.0.3":
  version: 1.0.3
  resolution: "escape-html@npm:1.0.3"
  checksum: 900a7f2b80b9f89c85b7a303d1b7a4d354b93e328871414f165f13c5c209a80eab787e3a63429e596877def69fe4dcb3d1b55af655207a901a9ec99f7f148743
  languageName: node
  linkType: hard

"escape-string-regexp@npm:^1.0.2":
  version: 1.0.5
  resolution: "escape-string-regexp@npm:1.0.5"
  checksum: f9484b8b4c8827d816e0fd905c25ed4b561376a9c220e1430403ea84619bf680c76a883a48cff8b8e091daf55d6a497e37479f9787b9f15f3c421b6054289744
  languageName: node
  linkType: hard

"etag@npm:~1.8.1":
  version: 1.8.1
  resolution: "etag@npm:1.8.1"
  checksum: f18341a3c12a554ec46c0d4756bc9cae177e92f25a4ebd9ceefebf0ee448b675972fc110879f22b1bf514174713921ae5de9ff77af2062d422b1085588465a57
  languageName: node
  linkType: hard

"eventemitter3@npm:^4.0.0":
  version: 4.0.7
  resolution: "eventemitter3@npm:4.0.7"
  checksum: 1fc12c7bc3b4194c50975827e72d56ff57c32b75a4c7dbf4d5eebf3c8371f6f1aad6799150b609de1b867c0d8a9885c08b6ca5e7e0dc437d6152f3063b2607dd
  languageName: node
  linkType: hard

"express@npm:^4.17.1":
  version: 4.17.1
  resolution: "express@npm:4.17.1"
  dependencies:
    accepts: ~1.3.7
    array-flatten: 1.1.1
    body-parser: 1.19.0
    content-disposition: 0.5.3
    content-type: ~1.0.4
    cookie: 0.4.0
    cookie-signature: 1.0.6
    debug: 2.6.9
    depd: ~1.1.2
    encodeurl: ~1.0.2
    escape-html: ~1.0.3
    etag: ~1.8.1
    finalhandler: ~1.1.2
    fresh: 0.5.2
    merge-descriptors: 1.0.1
    methods: ~1.1.2
    on-finished: ~2.3.0
    parseurl: ~1.3.3
    path-to-regexp: 0.1.7
    proxy-addr: ~2.0.5
    qs: 6.7.0
    range-parser: ~1.2.1
    safe-buffer: 5.1.2
    send: 0.17.1
    serve-static: 1.14.1
    setprototypeof: 1.1.1
    statuses: ~1.5.0
    type-is: ~1.6.18
    utils-merge: 1.0.1
    vary: ~1.1.2
  checksum: c4b470d623152c148e874b08d4afc35ea9498547c31a6ff6dae767ae11e3a59508a299732e9f45bfa2885685fbe2b75ca360862977798dfcec28ff2a4260eab2
  languageName: node
  linkType: hard

"extend@npm:~3.0.0":
  version: 3.0.2
  resolution: "extend@npm:3.0.2"
  checksum: 1406da1f0c4b00b839497e4cdd0ec4303ce2ae349144b7c28064a5073c93ce8c08da4e8fb1bc5cb459ffcdff30a35fc0fe54344eb88320e70100c1baea6f195c
  languageName: node
  linkType: hard

"finalhandler@npm:~1.1.2":
  version: 1.1.2
  resolution: "finalhandler@npm:1.1.2"
  dependencies:
    debug: 2.6.9
    encodeurl: ~1.0.2
    escape-html: ~1.0.3
    on-finished: ~2.3.0
    parseurl: ~1.3.3
    statuses: ~1.5.0
    unpipe: ~1.0.0
  checksum: f2e5b6bfe2201f13e74408530a7f354b7846ab3e648b3dde4f8ed3b773c8a743c16b0f378cb5113df7fef84c5be364bb1a3655f0a75571f163c982289fbd9671
  languageName: node
  linkType: hard

"follow-redirects@npm:^1.0.0":
  version: 1.14.1
  resolution: "follow-redirects@npm:1.14.1"
  peerDependenciesMeta:
    debug:
      optional: true
  checksum: 761a18699688b19d66b3e9199ecaf9cd39ede953f3529299c7fca4190b27b855c17c491170977844d5db5e169ffc35ebae999bb0833e9c9c61988d19c20ae7ab
  languageName: node
  linkType: hard

"forever-agent@npm:~0.6.0":
  version: 0.6.1
  resolution: "forever-agent@npm:0.6.1"
  checksum: 9cc0054dd4ea5fc26e014b8c929d1fb9247e931e81165cbd965a712061d65fb84791b2124f64cd79492e516662b94068d29fe1d824732382237321b3f61955fe
  languageName: node
  linkType: hard

"form-data@npm:~1.0.0-rc1":
  version: 1.0.1
  resolution: "form-data@npm:1.0.1"
  dependencies:
    async: ^2.0.1
    combined-stream: ^1.0.5
    mime-types: ^2.1.11
  checksum: 8b082e2f8aeed01bc4c3eb745160dbde5331003e4e02d43a714b9467101e4302209ddef5ab6cafdb21e685ca27b06dbd75e206c49efc372445af624367ba83bb
  languageName: node
  linkType: hard

"forwarded@npm:~0.1.2":
  version: 0.1.2
  resolution: "forwarded@npm:0.1.2"
  checksum: 568d862ad1c514813fc62dc1bd58b8669b16d4ee2e634a6fc71f4849df798883ab94e63d8e1b35a17af51b2b39ca869e672c7310efe42fc7b9bad43a80b5ff87
  languageName: node
  linkType: hard

"fresh@npm:0.5.2":
  version: 0.5.2
  resolution: "fresh@npm:0.5.2"
  checksum: 2f76c8505d1ea5a6d5accea3e7aff0b796bfa43364c84929254f33909fa08640948bd1728220d1ff5f4c2b378a65e97da647f2fe0f2b7ddb44001f6e0dc2e91f
  languageName: node
  linkType: hard

"generate-function@npm:^2.0.0":
  version: 2.3.1
  resolution: "generate-function@npm:2.3.1"
  dependencies:
    is-property: ^1.0.2
  checksum: 620517b8c4b1e273bfdecaa22f92b013393a5800feadf1559c762cf87b164020ccfe217a51908fb715970b820bc27f1252a73436c4e02ef00d04226bf94e3cdc
  languageName: node
  linkType: hard

"generate-object-property@npm:^1.1.0":
  version: 1.2.0
  resolution: "generate-object-property@npm:1.2.0"
  dependencies:
    is-property: ^1.0.0
  checksum: 3d6809bfda32d5eb8f01585c01ebead046ef67cee982e3f1e4714e2b5b01b0419afcdc4be44038d4574311bb298badfd60450d6092e1dcd1841b2b536c9cf6db
  languageName: node
  linkType: hard

"har-validator@npm:^1.6.1":
  version: 1.8.0
  resolution: "har-validator@npm:1.8.0"
  dependencies:
    bluebird: ^2.9.30
    chalk: ^1.0.0
    commander: ^2.8.1
    is-my-json-valid: ^2.12.0
  bin:
    har-validator: bin/har-validator
  checksum: 1fec2d41ec4ea1694fb11ab39ab71753b8a60fd3ae1bef1e84c25fd22cee34bd6c9c8dbdadc3fe900fd9902e7f876bc61b30013855933d8a2734b81708f5ea8c
  languageName: node
  linkType: hard

"has-ansi@npm:^2.0.0":
  version: 2.0.0
  resolution: "has-ansi@npm:2.0.0"
  dependencies:
    ansi-regex: ^2.0.0
  checksum: c6805f5d01ced45ba247ff2b8c914f401e70aa9086552d8eafbdf6bc0b0e38ea4a3bf1a387d100ff5f07e5854bca96532a01777820a16be2cdf8cf6582091bad
  languageName: node
  linkType: hard

"hawk@npm:~3.1.0":
  version: 3.1.3
  resolution: "hawk@npm:3.1.3"
  dependencies:
    boom: 2.x.x
    cryptiles: 2.x.x
    hoek: 2.x.x
    sntp: 1.x.x
  checksum: 4fe4095c68170642c9da1fcfa160fb557018dd235ecd9afe76eb0d0ddf127c8bb97f9aad219dfe2c705d2e320874fe1f1f3c2af56198137292bf42ae70d32cc1
  languageName: node
  linkType: hard

"hoek@npm:2.x.x":
  version: 2.16.3
  resolution: "hoek@npm:2.16.3"
  checksum: 785deacac3ad25d3b1677c42c1de70eeb56cfa86f66b6dc0f8f6dbba176cc783b3db26f8fe15d69a4deb40babcf683bf6dedd098a838052e61fc54c003028546
  languageName: node
  linkType: hard

"http-errors@npm:1.7.2":
  version: 1.7.2
  resolution: "http-errors@npm:1.7.2"
  dependencies:
    depd: ~1.1.2
    inherits: 2.0.3
    setprototypeof: 1.1.1
    statuses: ">= 1.5.0 < 2"
    toidentifier: 1.0.0
  checksum: 8ce4a4af05a3652c81768a2754ced24b86ff62e7bee147a27b6ef8cde24e7a48f9fbfcb87ec6f67781879b95f1b35d3f8d6378e8555eb7d469ce875f4e184418
  languageName: node
  linkType: hard

"http-errors@npm:~1.7.2":
  version: 1.7.3
  resolution: "http-errors@npm:1.7.3"
  dependencies:
    depd: ~1.1.2
    inherits: 2.0.4
    setprototypeof: 1.1.1
    statuses: ">= 1.5.0 < 2"
    toidentifier: 1.0.0
  checksum: 563ae4a3f19c89029212922bade6ffcd0e4b7fa52e539f08c8f6941de7eaccb00bf76cb7692662192f2f0d567d4ac1f9d6a3d0ee70b166c8540cf791497f90ea
  languageName: node
  linkType: hard

"http-proxy@npm:^1.18.1":
  version: 1.18.1
  resolution: "http-proxy@npm:1.18.1"
  dependencies:
    eventemitter3: ^4.0.0
    follow-redirects: ^1.0.0
    requires-port: ^1.0.0
  checksum: fc2062718d77868eff0d2707652d7e0d302a0f85d90f317daa410df5c41fbe009589c80bc73cc72a44368bb37d071c8f52aaa5b3ce82a08f3524a79ddf178b9b
  languageName: node
  linkType: hard

"http-signature@npm:~0.11.0":
  version: 0.11.0
  resolution: "http-signature@npm:0.11.0"
  dependencies:
    asn1: 0.1.11
    assert-plus: ^0.1.5
    ctype: 0.5.3
  checksum: 6a1c5d071126246e877995ed01880e8fc76d174de665620bfc8ba4c7d4e5e2a9407ba32637e5cadc782973960e3b177b4069ca84dba79e74bdd5f9876ea8af8c
  languageName: node
  linkType: hard

"iconv-lite@npm:0.4.24":
  version: 0.4.24
  resolution: "iconv-lite@npm:0.4.24"
  dependencies:
    safer-buffer: ">= 2.1.2 < 3"
  checksum: a9b9521066ee81853a8561e92bd7240bc5d3b7d5ef7da807a475e7858b0246e318b6af518c30a20a8749ef5eafeaa9631079446e4e696c7b60f468b34dc2cbfc
  languageName: node
  linkType: hard

"inherits@npm:2.0.3":
  version: 2.0.3
  resolution: "inherits@npm:2.0.3"
  checksum: 9488f9433effbc24474f6baee8014e5337c7f99305ecb4204fa5864ae7655c24225780d87fc65ed8d3d374715a18c5dc8c69fe3bf9745cde2e7acd0ac068a07b
  languageName: node
  linkType: hard

"inherits@npm:2.0.4, inherits@npm:~2.0.1":
  version: 2.0.4
  resolution: "inherits@npm:2.0.4"
  checksum: 98426da247ddfc3dcd7d7daedd90c3ca32d5b08deca08949726f12d49232aef94772a07b36cf4ff833e105ae2ef931777f6de4a6dd8245a216b9299ad4a50bea
  languageName: node
  linkType: hard

"ipaddr.js@npm:1.9.1":
  version: 1.9.1
  resolution: "ipaddr.js@npm:1.9.1"
  checksum: de15bc7e63973d960abc43c9fbbf19589c726774f59d157d1b29382a1e86ae87c68cbd8b5c78a1712a87fc4fcd91e10762c7671950c66a1a19040ff4fd2f9c9b
  languageName: node
  linkType: hard

"is-absolute-url@npm:^2.1.0":
  version: 2.1.0
  resolution: "is-absolute-url@npm:2.1.0"
  checksum: f9d193d86b5a255de08eb22653026e09952b5b1335c1c1c9c171237cb056c54d8c12ef45a069ac34270b7e960e46c89bc43f52d911317a2aaaab6d315c0da0e0
  languageName: node
  linkType: hard

"is-my-ip-valid@npm:^1.0.0":
  version: 1.0.0
  resolution: "is-my-ip-valid@npm:1.0.0"
  checksum: d4772d6438ae062003dfb52563d023f1dc9cb25a7236d6ed409ee151f723cbde6e303f1a19222018991c335b86a8853a6e7530ae084ef99973a10e06fa5e259b
  languageName: node
  linkType: hard

"is-my-json-valid@npm:^2.12.0":
  version: 2.20.5
  resolution: "is-my-json-valid@npm:2.20.5"
  dependencies:
    generate-function: ^2.0.0
    generate-object-property: ^1.1.0
    is-my-ip-valid: ^1.0.0
    jsonpointer: ^4.0.0
    xtend: ^4.0.0
  checksum: 0e1127555a3247a9f878ca7fd47e40410cfc2eb9415216ebe19b81cc419a77a1bcfbcdc38e5b2904de1bc4d14e7ab995f0c0288d1dea79c2fe556f7bb354b14a
  languageName: node
  linkType: hard

"is-plain-object@npm:^5.0.0":
  version: 5.0.0
  resolution: "is-plain-object@npm:5.0.0"
  checksum: 92bd87f095036fb6ef21fcba4e66734bba1457fc4abece5873bd1fba130c44fa8a4df64a2ef7841da638680af18e1ad2e5fac1095bed3578d0da0afc1f04bcf3
  languageName: node
  linkType: hard

"is-property@npm:^1.0.0, is-property@npm:^1.0.2":
  version: 1.0.2
  resolution: "is-property@npm:1.0.2"
  checksum: 0473ad8e4e0a4a0d74f0dc820a0dd5e2b1e82eaea0b6ec32402656c5d87b80e964aabf344f4520920b8cbf9cac176f1ae2fcdbb7fb916926a8f5febfde106f69
  languageName: node
  linkType: hard

"is@npm:^3.2.0":
  version: 3.3.0
  resolution: "is@npm:3.3.0"
  checksum: 191293ded7b1906b8839201dc027087fc738e04af8e58e3fd477855b8926481ffd7873fd9bc88d91efc9448c313a8f474bfd1667e3f27e8b20c8be7f1c6b991f
  languageName: node
  linkType: hard

"isarray@npm:0.0.1":
  version: 0.0.1
  resolution: "isarray@npm:0.0.1"
  checksum: daeda3c23646200b0b464b7a9030d10008d7701fc6b7a1b45cafe42b4f4d2dde20835b56f19a49e04bb218245b7f7a2bcc6d0f696cff3711e4eddaa2031c611f
  languageName: node
  linkType: hard

"isarray@npm:~1.0.0":
  version: 1.0.0
  resolution: "isarray@npm:1.0.0"
  checksum: b0ff31a290e783f7b3fb73f2951ee7fc2946dc197b05f73577dc77f87dc3be2e0f66007bedf069123d4e5c4b691e7c89a241f6ca06f0c0f4765cdac5aa4b4047
  languageName: node
  linkType: hard

"isstream@npm:~0.1.1":
  version: 0.1.2
  resolution: "isstream@npm:0.1.2"
  checksum: 8e6e5c4cf1823562db7035d2e7bac388412060fe9bc6727eca8c608def5aa57709165c51c2e68a2fce6ff0b64d79489501b84715060c5e8a477b87b6cbcd1eca
  languageName: node
  linkType: hard

"js-base64@npm:^2.1.9":
  version: 2.6.4
  resolution: "js-base64@npm:2.6.4"
  checksum: f3fadb18c2feade451a42677d29ddac4e5d40f6561fce38454c0dbf8b5b937d47e65ca54ae109325db90baaab7443780ae071b7d8577273918e8407b01b83f88
  languageName: node
  linkType: hard

"json-stringify-safe@npm:~5.0.0":
  version: 5.0.1
  resolution: "json-stringify-safe@npm:5.0.1"
  checksum: 261dfb8eb3e72c8b0dda11fd7c20c151ffc1d1b03e529245d51708c8dd8d8c6a225880464adf41a570dff6e5c805fd9d1f47fed948cfb526e4fbe5a67ce4e5f4
  languageName: node
  linkType: hard

"jsonpointer@npm:^4.0.0":
  version: 4.1.0
  resolution: "jsonpointer@npm:4.1.0"
  checksum: 90724d8a84ce4493980f474c59298a8c39b379e8163c648408a53143baf7f3818189102c45d860905447da2ff79c9152bbda58d1339c5564b1bb8748e3adbb81
  languageName: node
  linkType: hard

"lodash@npm:^4.17.14":
  version: 4.17.21
  resolution: "lodash@npm:4.17.21"
  checksum: 4983720b9abca930a4a46f18db163d7dad8dd00dbed6db0cc7b499b33b717cce69f80928b27bbb1ff2cbd3b19d251ee90669a8b5ea466072ca81c2ebe91e7468
  languageName: node
  linkType: hard

"media-typer@npm:0.3.0":
  version: 0.3.0
  resolution: "media-typer@npm:0.3.0"
  checksum: be1c825782df7f38eebd451d778f6407bb15a59c8807a69e7f2ad74a25440e474536441c6bf583fdf2803ea23b866e91ff68f565cda297211dd89147758c8df3
  languageName: node
  linkType: hard

"merge-descriptors@npm:1.0.1":
  version: 1.0.1
  resolution: "merge-descriptors@npm:1.0.1"
  checksum: 2d2a09eaac840a7ceac7a13b44b7c8abf3ecccd93a609c3525d8290cb5d814336cc7c0b1dd485ae3bc471ed354eeefb153475ce2e1604ccdf79eebe74021c192
  languageName: node
  linkType: hard

"methods@npm:~1.1.2":
  version: 1.1.2
  resolution: "methods@npm:1.1.2"
  checksum: 450e4ea0fd4a0f3de8c0593d753c7d6c8f2ee49766f5ef35c68cc2ac41699d5e295b7d6330fc2b7271b8569a07857e3eb0b5df0599a353c5808265b4b5066168
  languageName: node
  linkType: hard

"mime-db@npm:1.47.0":
  version: 1.47.0
  resolution: "mime-db@npm:1.47.0"
  checksum: f5f9220dd53c240c9234323571f632486c663e36676ebfdca9963fb9a92d1dd28b16124bceff60868fb70743764ade8466dd5e6a1a833decde89ae6d15211503
  languageName: node
  linkType: hard

"mime-db@npm:1.50.0":
  version: 1.50.0
  resolution: "mime-db@npm:1.50.0"
  checksum: a147e91333f1e1a6c2cb64090150559572863587babbfa80062da9ec53b821650fc179a2f7c4e93d3f503c4dac3af41021116fbd9e586e72237b981de0c7df8e
  languageName: node
  linkType: hard

"mime-types@npm:^2.1.11, mime-types@npm:^2.1.4, mime-types@npm:~2.1.2":
  version: 2.1.33
  resolution: "mime-types@npm:2.1.33"
  dependencies:
    mime-db: 1.50.0
  checksum: 4db6ea7f5e7796aa8c4003ac447f74cd4fd9c7dd55c06087fe17ba3abc0ec98166cc51b843d305deefe7daf8f8b519dab1680cee20493cd299571af61873dbf4
  languageName: node
  linkType: hard

"mime-types@npm:~2.1.24":
  version: 2.1.30
  resolution: "mime-types@npm:2.1.30"
  dependencies:
    mime-db: 1.47.0
  checksum: c7ca8a9980bdae0b760820aded39ea9541a8236f4abc105df645ea5b09a9c4a5299e28667c0c9596ab8e4ca84b219fd8b94b5c68e32b59891ca1f57a7e848c02
  languageName: node
  linkType: hard

"mime@npm:1.6.0":
  version: 1.6.0
  resolution: "mime@npm:1.6.0"
  bin:
    mime: cli.js
  checksum: d540c24dd3e3a9e25e813714e55ff2f7841a3a1a47aed9786c508bd0251653d5e9abbfb1163c0c6e1be99f872d7fa1538c068bd6e306e9cb12dd9affa841a61e
  languageName: node
  linkType: hard

"ms@npm:2.0.0":
  version: 2.0.0
  resolution: "ms@npm:2.0.0"
  checksum: 1a230340cc7f322fbe916783d8c8d60455407c6b7fb7f901d6ee34eb272402302c5c7f070a97b8531245cbb4ca6a0a623f6a128d7e5a5440cefa2c669c0b35bb
  languageName: node
  linkType: hard

"ms@npm:2.1.1":
  version: 2.1.1
  resolution: "ms@npm:2.1.1"
  checksum: 81ad38c74df2473ce9fbed8bb71a00220c3d9e237ebd576306c9f6ca3221b251d602c7d199808944be1a3d7cda5883e72c77adb473734ba30f6e032165e05ebc
  languageName: node
  linkType: hard

"negotiator@npm:0.6.2":
  version: 0.6.2
  resolution: "negotiator@npm:0.6.2"
  checksum: 4b230bd15f0862d16c54ce0243fcfcf835ad59c8e58c467b4504dd28c9868cff71ff485b02cc575dc69dca819b58a1fadc9fb28403f45721f38a8fffde007d54
  languageName: node
  linkType: hard

"node-fetch@npm:^2.6.1":
  version: 2.6.6
  resolution: "node-fetch@npm:2.6.6"
  dependencies:
    whatwg-url: ^5.0.0
  checksum: c0a4450cca0568be1e75911a850758f7b78b0687b720cdb337f9729ceaa7af76d37b637472893e11d3cee8dfa7916d94aeb0a64f96b597234c2e1a8717eb4be9
  languageName: node
  linkType: hard

"node-uuid@npm:~1.4.0":
  version: 1.4.8
  resolution: "node-uuid@npm:1.4.8"
  bin:
    uuid: ./bin/uuid
  checksum: 3ae907e28820b65defec681c4eea1ba38fd1d954aae7abd865bf641ca59aede36c20d6a09cba94192ddf4b01d47627cc21ce0883559d2968fa5eb60a8b978ada
  languageName: node
  linkType: hard

"oauth-sign@npm:~0.8.0":
  version: 0.8.2
  resolution: "oauth-sign@npm:0.8.2"
  checksum: 0977ded5f411a8d5294d5f6fcee9f8f7cf39455af9d05b37f0f0dab37ad75b79516073104e44e38a93f3c21a7abff712c5820ccb8e73b22491eca1162ed0fed9
  languageName: node
  linkType: hard

"object-keys@npm:~0.4.0":
  version: 0.4.0
  resolution: "object-keys@npm:0.4.0"
  checksum: 71d8801c2f70f692e3813c7dc1e15ad50d46000f7e0bd73e72617d4db4fb4812a4ac4be1f4cd47e06e3c0272253ebc5e44847188b64934c0a5ea0ade51b8275d
  languageName: node
  linkType: hard

"octocat@npm:^1.2.1":
  version: 1.2.1
  resolution: "octocat@npm:1.2.1"
  dependencies:
    deprecate: ^1.0.0
    is: ^3.2.0
    is-absolute-url: ^2.1.0
    js-base64: ^2.1.9
    mime-types: ^2.1.4
    progress-stream: ^1.1.1
    q: ^1.4.1
    request: 2.64.0
    url-join: ^1.1.0
  checksum: 4e39caba66d80bc0837f9177aa7aced73b410e88555a8decb350f1ae9dbfd296a1d77b4b6c5f2fac1b0ad801814af547ae52233bc78b251c5dcb8a32e6b78766
  languageName: node
  linkType: hard

"on-finished@npm:~2.3.0":
  version: 2.3.0
  resolution: "on-finished@npm:2.3.0"
  dependencies:
    ee-first: 1.1.1
  checksum: 362e64608287d31ffd96a15fb9305a410b3e4d07c86f277fae907e38af46bc6f5ff948de90eabb81dc5632ca7f9a290085acc5410c378053dfa9860451d97ee5
  languageName: node
  linkType: hard

"once@npm:^1.4.0":
  version: 1.4.0
  resolution: "once@npm:1.4.0"
  dependencies:
    wrappy: 1
  checksum: 57afc246536cf6494437f982b26475f22bee860f8b77ce8eb1543f42a8bffe04b2c66ddfea9a16cb25ccb80943f8ee4fc639367ef97b7a6a4f2672eb573963f5
  languageName: node
  linkType: hard

"parseurl@npm:^1.3.3, parseurl@npm:~1.3.3":
  version: 1.3.3
  resolution: "parseurl@npm:1.3.3"
  checksum: 52c9e86cb58e38b28f1a50a6354d16648974ab7a2b91b209f97102840471de8adf524427774af6d5bc482fb7c0a6af6ba08ab37de9a1a7ae389ebe074015914b
  languageName: node
  linkType: hard

"path-to-regexp@npm:0.1.7":
  version: 0.1.7
  resolution: "path-to-regexp@npm:0.1.7"
  checksum: 342fdb0ca48415d6eccdbe6d4180fd0fa4786ccc96ab3f74fcdf7acfc99e075af25e6077c8086c341dcfb4f5f84401ecd21e6cd7b24e0c3b556fb7ffb2570da7
  languageName: node
  linkType: hard

"process-nextick-args@npm:~1.0.6":
  version: 1.0.7
  resolution: "process-nextick-args@npm:1.0.7"
  checksum: 56443cdac8ecd7b0d387348c7d571ffd18b0177ec32919fa7b2bde9bd4d3665551180e388edb829cdea5d0c3ffabcacb2abbb1edd92d8fa62d1f0b94e4e92257
  languageName: node
  linkType: hard

"progress-stream@npm:^1.1.1":
  version: 1.2.0
  resolution: "progress-stream@npm:1.2.0"
  dependencies:
    speedometer: ~0.1.2
    through2: ~0.2.3
  checksum: c785b6fb6e476c5bf2ee48c25b0eb693a31adf0f89022f6287487e6e62a406ac85bedd07c2257424b74c0b38450faec834d1bd47acab9790c2328c64dd311a3a
  languageName: node
  linkType: hard

"proxy-addr@npm:~2.0.5":
  version: 2.0.6
  resolution: "proxy-addr@npm:2.0.6"
  dependencies:
    forwarded: ~0.1.2
    ipaddr.js: 1.9.1
  checksum: a7dcfd70258cdc3b73c5dc4a35c73db9857f3bf4cf5e6404380e8ea558f8c5569147e721a01195d00b450e36b4dde727fc9d22fdea14310ba38faa595530cd58
  languageName: node
  linkType: hard

"psl@npm:^1.1.33":
  version: 1.8.0
  resolution: "psl@npm:1.8.0"
  checksum: 92d47c6257456878bfa8190d76b84de69bcefdc129eeee3f9fe204c15fd08d35fe5b8627033f39b455e40a9375a1474b25ff4ab2c5448dd8c8f75da692d0f5b4
  languageName: node
  linkType: hard

"punycode@npm:^2.1.1":
  version: 2.1.1
  resolution: "punycode@npm:2.1.1"
  checksum: 0202dc191cb35bfd88870ac99a1e824b03486d4cee20b543ef337a6dee8d8b11017da32a3e4c40b69b19976e982c030b62bd72bba42884acb691bc5ef91354c8
  languageName: node
  linkType: hard

"q@npm:^1.4.1":
  version: 1.5.1
  resolution: "q@npm:1.5.1"
  checksum: f610c1295a4f1b334affbe5333bc8c6160b907d011a62f1c6d05d4ca985535ea271fd8684e1e655b4659cc5b71f5be9ac4ccc84482d869b5a0576955598a7dca
  languageName: node
  linkType: hard

"qs@npm:6.7.0":
  version: 6.7.0
  resolution: "qs@npm:6.7.0"
  checksum: 8590470436ff0a75ae35e6b45fd7260e2beb537ff8ec1104f9703a349b09ce1aa27e8e1c06b9ad25ac62fc098e12cc65df93042a233128a0276ccd6de4c7819a
  languageName: node
  linkType: hard

"qs@npm:~5.1.0":
  version: 5.1.0
  resolution: "qs@npm:5.1.0"
  checksum: 0a7ca0c8e1a2365336ad14271ce30eb07b8d34adaddbba8dc34af8e0cd9e09fa6d1770c132ef7469544efe67ed31f85c5dec2611922c4791bbb115c06913075d
  languageName: node
  linkType: hard

"range-parser@npm:~1.2.1":
  version: 1.2.1
  resolution: "range-parser@npm:1.2.1"
  checksum: 05074f5b23dbdc24acdae9821dd684fbc9c0d770cdaa4469ab529d8e0fc1338aa33561a4c7c14a1f9bdcb3b5e9a3770e5a80318258a72289a7ef05fcda72a707
  languageName: node
  linkType: hard

"raw-body@npm:2.4.0":
  version: 2.4.0
  resolution: "raw-body@npm:2.4.0"
  dependencies:
    bytes: 3.1.0
    http-errors: 1.7.2
    iconv-lite: 0.4.24
    unpipe: 1.0.0
  checksum: 46dc02f8b4f358786d41e18fb55533fbe4702d390e22bbe2b9c98c88dec41cab23ea2315f3ae0bf4bc0213a2872c89943d3df6857f4e21f996ea9d2d92f1bcaa
  languageName: node
  linkType: hard

"readable-stream@npm:~1.1.9":
  version: 1.1.14
  resolution: "readable-stream@npm:1.1.14"
  dependencies:
    core-util-is: ~1.0.0
    inherits: ~2.0.1
    isarray: 0.0.1
    string_decoder: ~0.10.x
  checksum: e4c30b6b8495c11fc83e1b5fcb03b378127d93c953413973a25500991d0bf2b2e158e329d0f56d294e24a61c7751b874570158f24f97ebacb8a5f2fdcc05a0ec
  languageName: node
  linkType: hard

"readable-stream@npm:~2.0.5":
  version: 2.0.6
  resolution: "readable-stream@npm:2.0.6"
  dependencies:
    core-util-is: ~1.0.0
    inherits: ~2.0.1
    isarray: ~1.0.0
    process-nextick-args: ~1.0.6
    string_decoder: ~0.10.x
    util-deprecate: ~1.0.1
  checksum: ea06de776a23b78ec63f15f898a2e4519cc9fd17dcf3af73c71c3236ea4c78b0710f1206a1beeee9f6dcff12bd607ee0670488fe239f1d824616b4c0bef9e853
  languageName: node
  linkType: hard

"request@npm:2.64.0":
  version: 2.64.0
  resolution: "request@npm:2.64.0"
  dependencies:
    aws-sign2: ~0.5.0
    bl: ~1.0.0
    caseless: ~0.11.0
    combined-stream: ~1.0.1
    extend: ~3.0.0
    forever-agent: ~0.6.0
    form-data: ~1.0.0-rc1
    har-validator: ^1.6.1
    hawk: ~3.1.0
    http-signature: ~0.11.0
    isstream: ~0.1.1
    json-stringify-safe: ~5.0.0
    mime-types: ~2.1.2
    node-uuid: ~1.4.0
    oauth-sign: ~0.8.0
    qs: ~5.1.0
    stringstream: ~0.0.4
    tough-cookie: ">=0.12.0"
    tunnel-agent: ~0.4.0
  checksum: 30f02df168ee739862246ee532c56436734810cebf8c06337378b809b4fbc4467a853c68bd5a20347d93c367522c4ffe2fd5a7f92cc778ae2d27b7861010de3d
  languageName: node
  linkType: hard

"requires-port@npm:^1.0.0":
  version: 1.0.0
  resolution: "requires-port@npm:1.0.0"
  checksum: 0db25fb2ac9b4f2345a350846b7ba99d1f25a6686b1728246d14f05450c8f2fc066bdfae4561b4be2627c184a030a27e17268cfefdf46836e271db13734bc49e
  languageName: node
  linkType: hard

"safe-buffer@npm:5.1.2":
  version: 5.1.2
  resolution: "safe-buffer@npm:5.1.2"
  checksum: 2708587c1b5e70a5e420714ceb59f30f5791c6e831d39812125a008eca63a4ac18578abd020a0776ea497ff03b4543f2b2a223a7b9073bf2d6c7af9ec6829218
  languageName: node
  linkType: hard

"safer-buffer@npm:>= 2.1.2 < 3":
  version: 2.1.2
  resolution: "safer-buffer@npm:2.1.2"
  checksum: 549ba83f5b314b59898efe3422120ce1ca7987a6eae5925a5fa5db930dc414d4a9dde0a5594f89638cd6ea60b6840ea961872908933ac2428d1726489db46fa5
  languageName: node
  linkType: hard

"send@npm:0.17.1, send@npm:^0.17.1":
  version: 0.17.1
  resolution: "send@npm:0.17.1"
  dependencies:
    debug: 2.6.9
    depd: ~1.1.2
    destroy: ~1.0.4
    encodeurl: ~1.0.2
    escape-html: ~1.0.3
    etag: ~1.8.1
    fresh: 0.5.2
    http-errors: ~1.7.2
    mime: 1.6.0
    ms: 2.1.1
    on-finished: ~2.3.0
    range-parser: ~1.2.1
    statuses: ~1.5.0
  checksum: 58e4ab2e07e8dfb206ca954a9b85f4e367aba0e4d59ce4c9c96a82034385b67f25d33ad526fdb69d635744bbe4d8afea06e2c0348d7d32920e3489d86dc3ec6f
  languageName: node
  linkType: hard

"serve-static@npm:1.14.1, serve-static@npm:^1.14.1":
  version: 1.14.1
  resolution: "serve-static@npm:1.14.1"
  dependencies:
    encodeurl: ~1.0.2
    escape-html: ~1.0.3
    parseurl: ~1.3.3
    send: 0.17.1
  checksum: 97e8c94ec02950d019000ca12a8e0b4fdeaaabb7ae965c1c05557b55b48114716ae92688972a8d9f06a5e2d5957c305253a859ec223bb39a1e0732366d0e2768
  languageName: node
  linkType: hard

"setprototypeof@npm:1.1.1":
  version: 1.1.1
  resolution: "setprototypeof@npm:1.1.1"
  checksum: 0efed4da5aec7535828ac07c3b560f0a54257a4a7d5390ffabe5530a083974aef577651507974215edb92a51efa142f22fb3242e24d630ba6adcbfc9e7f1ff2b
  languageName: node
  linkType: hard

"sntp@npm:1.x.x":
  version: 1.0.9
  resolution: "sntp@npm:1.0.9"
  dependencies:
    hoek: 2.x.x
  checksum: 83cad41bbf72081f591994b4df99b29471db3db449b56ebb818142aaac609c790dc55321a023dddbfda9baed4c7505600033b19939d2e05f93aa60b8f88c7d57
  languageName: node
  linkType: hard

"speedometer@npm:~0.1.2":
  version: 0.1.4
  resolution: "speedometer@npm:0.1.4"
  checksum: 9f34c38175ed5ca219d55bc65136da7d147b464c8cc7a9e06a52015e1be4b3de026698e1aa151a8056a65f3fb08c9782071a0c050dabf522ae713958b2a443f5
  languageName: node
  linkType: hard

"statuses@npm:>= 1.5.0 < 2, statuses@npm:~1.5.0":
  version: 1.5.0
  resolution: "statuses@npm:1.5.0"
  checksum: 57735269bf231176a60deb80f6d60214cb4a87663b0937e79497afe9aebe2597f8377fd28893f4d1776205f18dd0b927774a26b72051411ac5108e9e2dfc77d2
  languageName: node
  linkType: hard

"string_decoder@npm:~0.10.x":
  version: 0.10.31
  resolution: "string_decoder@npm:0.10.31"
  checksum: ae53bca3796913fe686c6b519299a3631d04f0d388f35e7412914e3d351024f711d783d0415babfec276f5f533e84fae687e77220829d872fadb5bb9f7190890
  languageName: node
  linkType: hard

"stringstream@npm:~0.0.4":
  version: 0.0.6
  resolution: "stringstream@npm:0.0.6"
  checksum: bd679f1f6555bef7aaceb4121517c37054dcb091a77606c6d76ffcf0e4eb3535b5191273f2e8363c959093052ccca4381d81a5f9556b2d2da49ccd24eb15460d
  languageName: node
  linkType: hard

"strip-ansi@npm:^3.0.0":
  version: 3.0.1
  resolution: "strip-ansi@npm:3.0.1"
  dependencies:
    ansi-regex: ^2.0.0
  checksum: 98772dcf440d08f65790ee38cd186b1f139fa69b430e75f9d9c11f97058662f82a22c2ba03a30f502f948958264e99051524fbf1819edaa8a8bbb909ece297da
  languageName: node
  linkType: hard

"supports-color@npm:^2.0.0":
  version: 2.0.0
  resolution: "supports-color@npm:2.0.0"
  checksum: 5d6fb449e29f779cc639756f0d6b9ab6138048e753683cd2c647f36a9254714051909a5f569e6aa83c5310c8dfe8a1f481967e02bef401ac8eed46ee0950d779
  languageName: node
  linkType: hard

"through2@npm:~0.2.3":
  version: 0.2.3
  resolution: "through2@npm:0.2.3"
  dependencies:
    readable-stream: ~1.1.9
    xtend: ~2.1.1
  checksum: feed6f06f4d527aac4f1d13d72c59d6dd2b3cad9ce7f693485c8eb9691232377d493122217a374335813490d94cf4e3e9f261dfc33b926e31dbb31ed5dbaf0fc
  languageName: node
  linkType: hard

"toidentifier@npm:1.0.0":
  version: 1.0.0
  resolution: "toidentifier@npm:1.0.0"
  checksum: 95720e8a0f98f1525f50ccbecbc2a23f0a1b4e448de03819dbbeda03adf0d2010fe64525fbc9d549765242550d341bb891672e4ac0b2cac58613cdd742324255
  languageName: node
  linkType: hard

"tough-cookie@npm:>=0.12.0":
  version: 4.0.0
  resolution: "tough-cookie@npm:4.0.0"
  dependencies:
    psl: ^1.1.33
    punycode: ^2.1.1
    universalify: ^0.1.2
  checksum: 161dc4728e2801c1bd3b32d4d14abd2762120d9ed0b96d892720440aa04ed0ad6c425c38195265c74366fe01d8aaf1cc0a31636cb18b82c9b6ce630743210235
  languageName: node
  linkType: hard

"tr46@npm:~0.0.3":
  version: 0.0.3
  resolution: "tr46@npm:0.0.3"
  checksum: 37bdfff7c5b5f8feeb0d06d3fda1d8474d8b08a9f0bf453fd339eb0dc13939ed5a2b24d29d9a308674d6a7267a3a4f3a95e91538b87d0e76c14d83c33899a29f
  languageName: node
  linkType: hard

"tunnel-agent@npm:~0.4.0":
  version: 0.4.3
  resolution: "tunnel-agent@npm:0.4.3"
  checksum: 1d3f45fb6cfd6500cc3dc6f86a4281c9a92e7ef5ce9d2fddbe5b82c41f860286c861d6b65ef82407a929e486197993f894965761372ec81a888c268ed87fa22c
  languageName: node
  linkType: hard

"type-is@npm:~1.6.17, type-is@npm:~1.6.18":
  version: 1.6.18
  resolution: "type-is@npm:1.6.18"
  dependencies:
    media-typer: 0.3.0
    mime-types: ~2.1.24
  checksum: 20a3514f1d835c979237995129d1f8c564325301e3a8f1c732bcbe1d7fa0ca1f65994e41a79e9030d79f31e5459bb9be5c377848fcb477cb3049a661b3713d74
  languageName: node
  linkType: hard

"universal-user-agent@npm:^6.0.0":
  version: 6.0.0
  resolution: "universal-user-agent@npm:6.0.0"
  checksum: 725797ab636f1786a824f805eca2b227019ae8e82fdbe03e3e26a7f2917669bfcf7ef723c7d4b2c60a5e1603108d32bec3987b4f52821360523cb609fb7ae782
  languageName: node
  linkType: hard

"universalify@npm:^0.1.2":
  version: 0.1.2
  resolution: "universalify@npm:0.1.2"
  checksum: 420fc6547357782c700d53e9a92506a8e95345b13e97684c8f9ab75237912ec2ebb6af8ac10d4f7406b7b6bd21c58f6c5c0811414fb0b4091b78b4743fa6806e
  languageName: node
  linkType: hard

"unpipe@npm:1.0.0, unpipe@npm:~1.0.0":
  version: 1.0.0
  resolution: "unpipe@npm:1.0.0"
  checksum: ba244e8bf640475b2143af95be5d71353cd4d238d63abf5dfe700c67841f066eb0819fc60dee7f2348ef647a5644a06ba024b9a0ab6d399fc07a05eb72a30ac7
  languageName: node
  linkType: hard

"url-join@npm:^1.1.0":
  version: 1.1.0
  resolution: "url-join@npm:1.1.0"
  checksum: 2f42ba3642f3fa879b12eaa31d085055a67e650c4ad08a44983e155cbcc3dee888e885f31b084d33d819b19e8c764f04d25bf63d7357c59796d7bc9a0e996999
  languageName: node
  linkType: hard

"util-deprecate@npm:~1.0.1":
  version: 1.0.2
  resolution: "util-deprecate@npm:1.0.2"
  checksum: 73c2b1cf0210ccac300645384d8443cabbd93194117b2dc1b3bae8d8279ad39aedac857e020c4ea505e96a1045059c7359db3df6a9df0be6b8584166c9d61dc9
  languageName: node
  linkType: hard

"utils-merge@npm:1.0.1":
  version: 1.0.1
  resolution: "utils-merge@npm:1.0.1"
  checksum: a457956ebc09efbda05da8bf213ab89140bb9dffa3c42b3315dd8fc3c45d67a1b802741f58b7bba4872113201fc275fc86470289d8bd32b74297b5e5b5980705
  languageName: node
  linkType: hard

"vary@npm:~1.1.2":
  version: 1.1.2
  resolution: "vary@npm:1.1.2"
  checksum: 591f059f727ac1ba0d97cb7767f8583a03fcbb07db7be2b7dce838ede520ec0e958a41cb19077054769077fdc49a9b9a2dc391c83426bfee89c054b8cc7404bf
  languageName: node
  linkType: hard

"web-landscape@workspace:.":
  version: 0.0.0-use.local
  resolution: "web-landscape@workspace:."
  dependencies:
    "@octokit/core": ^3.5.1
    cookie-parser: ^1.4.5
    express: ^4.17.1
    http-proxy: ^1.18.1
    octocat: ^1.2.1
    parseurl: ^1.3.3
    send: ^0.17.1
    serve-static: ^1.14.1
    ws: ^7.4.6
  languageName: unknown
  linkType: soft

"webidl-conversions@npm:^3.0.0":
  version: 3.0.1
  resolution: "webidl-conversions@npm:3.0.1"
  checksum: 25ef547ff199f5a942f367f86c92b79bad77c27ad9baa51ed994de4ee91834d6246a120e24c4d6f2c6aba6b940238a5f6a0ed5f5ab0f24f6a863a2be75dd7644
  languageName: node
  linkType: hard

"whatwg-url@npm:^5.0.0":
  version: 5.0.0
  resolution: "whatwg-url@npm:5.0.0"
  dependencies:
    tr46: ~0.0.3
    webidl-conversions: ^3.0.0
  checksum: 55eca009f57013000f73721611e14cf7215bf2f19e9950b06f3214cfbd29f06eeea759748fa09016a05dca72a2213e49333ef4cbc911ba236a427a0b0060f415
  languageName: node
  linkType: hard

"wrappy@npm:1":
  version: 1.0.2
  resolution: "wrappy@npm:1.0.2"
  checksum: 519fcda0fcdf0c16327be2de9d98646742307bc830277e8868529fcf7566f2b330a6453c233e0cdcb767d5838dd61a90984a02ecc983bcddebea5ad0833bbf98
  languageName: node
  linkType: hard

"ws@npm:^7.4.6":
  version: 7.4.6
  resolution: "ws@npm:7.4.6"
  peerDependencies:
    bufferutil: ^4.0.1
    utf-8-validate: ^5.0.2
  peerDependenciesMeta:
    bufferutil:
      optional: true
    utf-8-validate:
      optional: true
  checksum: ffeb626d92f14aa3a67aa3784824c1d290131e25d225f4ca6b1b6b6d7ea754fca67694d89a5b99b144382365e1bccf1f7ec2f92df56f0d25f44939b070452f06
  languageName: node
  linkType: hard

"xtend@npm:^4.0.0":
  version: 4.0.2
  resolution: "xtend@npm:4.0.2"
  checksum: 37ee522a3e9fb9b143a400c30b21dc122aa8c9c9411c6afae1005a4617dc20a21765c114d544e37a6bb60c2733dd8ee0a44ed9e80d884ac78cccd30b5e0ab0da
  languageName: node
  linkType: hard

"xtend@npm:~2.1.1":
  version: 2.1.2
  resolution: "xtend@npm:2.1.2"
  dependencies:
    object-keys: ~0.4.0
  checksum: 363fc1d7f18cdeaae36d675b4aa46bbfd3d39b9fd6d71956e390113724ce5b60c5abf19ac5d3cf4be0d788899522fe854a4bc557832f53b9f603e3f395a882bd
  languageName: node
  linkType: hard
